# This is a Gradle generated file for dependency locking.
# Manual edits can break the build and are not advised.
# This file is expected to be part of source control.
ch.qos.logback:logback-classic:1.5.18=compileClasspath,testCompileClasspath
ch.qos.logback:logback-core:1.5.18=compileClasspath,testCompileClasspath
com.bucket4j:bucket4j-core:8.10.1=compileClasspath,testCompileClasspath
com.fasterxml.jackson.core:jackson-annotations:2.19.1=compileClasspath,testCompileClasspath
com.fasterxml.jackson.core:jackson-core:2.19.1=compileClasspath,testCompileClasspath
com.fasterxml.jackson.core:jackson-databind:2.19.1=compileClasspath,testCompileClasspath
com.fasterxml.jackson.datatype:jackson-datatype-jdk8:2.19.1=compileClasspath,testCompileClasspath
com.fasterxml.jackson.datatype:jackson-datatype-jsr310:2.19.1=compileClasspath,testCompileClasspath
com.fasterxml.jackson.module:jackson-module-parameter-names:2.19.1=compileClasspath,testCompileClasspath
com.fasterxml.jackson:jackson-bom:2.19.1=compileClasspath,testCompileClasspath
com.fasterxml:classmate:1.5.1=annotationProcessor
com.fasterxml:classmate:1.7.0=compileClasspath,testCompileClasspath
com.github.ben-manes.caffeine:caffeine:3.1.8=compileClasspath,testCompileClasspath
com.github.stefanbirkner:system-rules:1.19.0=testCompileClasspath
com.google.api.grpc:proto-google-common-protos:2.59.2=compileClasspath,testCompileClasspath
com.google.code.findbugs:jsr305:3.0.2=archUnitExtraLib,checkstyle,compileClasspath,testCompileClasspath
com.google.errorprone:error_prone_annotations:2.18.0=archUnitExtraLib
com.google.errorprone:error_prone_annotations:2.36.0=checkstyle,compileClasspath,testCompileClasspath
com.google.guava:failureaccess:1.0.1=archUnitExtraLib
com.google.guava:failureaccess:1.0.2=compileClasspath,testCompileClasspath
com.google.guava:failureaccess:1.0.3=checkstyle
com.google.guava:guava-parent:32.1.2-jre=archUnitExtraLib
com.google.guava:guava:32.1.2-jre=archUnitExtraLib
com.google.guava:guava:33.4.0-jre=compileClasspath,testCompileClasspath
com.google.guava:guava:33.4.6-jre=checkstyle
com.google.guava:listenablefuture:9999.0-empty-to-avoid-conflict-with-guava=archUnitExtraLib,checkstyle,compileClasspath,testCompileClasspath
com.google.j2objc:j2objc-annotations:3.0.0=checkstyle,compileClasspath,testCompileClasspath
com.google.protobuf:protobuf-java-util:4.31.1=compileClasspath,testCompileClasspath
com.google.protobuf:protobuf-java:4.31.1=compileClasspath,testCompileClasspath
com.jayway.jsonpath:json-path:2.9.0=testCompileClasspath
com.opencsv:opencsv:5.9=testCompileClasspath
com.puppycrawl.tools:checkstyle:10.22.0=checkstyle
com.societegenerale.commons:arch-unit-build-plugin-core:4.0.0=archUnitExtraLib
com.sun.istack:istack-commons-runtime:4.1.1=annotationProcessor
com.sun.istack:istack-commons-runtime:4.1.2=compileClasspath,testCompileClasspath
com.sun.xml.messaging.saaj:saaj-impl:3.0.4=compileClasspath,testCompileClasspath
com.tngtech.archunit:archunit:1.2.0=archUnitExtraLib
com.vaadin.external.google:android-json:0.0.20131108.vaadin1=testCompileClasspath
commons-beanutils:commons-beanutils:1.10.1=checkstyle
commons-codec:commons-codec:1.15=checkstyle
commons-codec:commons-codec:1.18.0=compileClasspath,testCompileClasspath
commons-collections:commons-collections:3.2.2=checkstyle
commons-io:commons-io:2.13.0=archUnitExtraLib
commons-io:commons-io:2.19.0=compileClasspath,testCompileClasspath
commons-logging:commons-logging:1.3.5=compileClasspath,testCompileClasspath
info.picocli:picocli:4.7.6=checkstyle
io.grpc:grpc-api:1.75.0=compileClasspath,testCompileClasspath
io.grpc:grpc-core:1.75.0=compileClasspath,testCompileClasspath
io.grpc:grpc-netty-shaded:1.75.0=compileClasspath,testCompileClasspath
io.grpc:grpc-protobuf:1.75.0=compileClasspath,testCompileClasspath
io.grpc:grpc-stub:1.75.0=compileClasspath,testCompileClasspath
io.micrometer:micrometer-commons:1.14.11=archUnitExtraLib,compileClasspath,testCompileClasspath
io.micrometer:micrometer-observation:1.14.11=archUnitExtraLib,compileClasspath,testCompileClasspath
io.opentelemetry.instrumentation:opentelemetry-instrumentation-annotations:2.15.0=compileClasspath,testCompileClasspath
io.opentelemetry:opentelemetry-api:1.49.0=compileClasspath,testCompileClasspath
io.opentelemetry:opentelemetry-context:1.49.0=compileClasspath,testCompileClasspath
io.smallrye:jandex:3.2.0=annotationProcessor
jakarta.activation:jakarta.activation-api:2.1.1=annotationProcessor
jakarta.activation:jakarta.activation-api:2.1.4=compileClasspath,testCompileClasspath
jakarta.annotation:jakarta.annotation-api:2.1.1=annotationProcessor
jakarta.annotation:jakarta.annotation-api:3.0.0=archUnitExtraLib,compileClasspath,testCompileClasspath
jakarta.inject:jakarta.inject-api:2.0.1=annotationProcessor,compileClasspath,testCompileClasspath
jakarta.persistence:jakarta.persistence-api:3.1.0=annotationProcessor,compileClasspath,testCompileClasspath
jakarta.servlet:jakarta.servlet-api:6.1.0=compileClasspath,testCompileClasspath
jakarta.transaction:jakarta.transaction-api:2.0.1=annotationProcessor,compileClasspath,testCompileClasspath
jakarta.validation:jakarta.validation-api:3.0.2=annotationProcessor,compileClasspath,testCompileClasspath
jakarta.xml.bind:jakarta.xml.bind-api:4.0.0=annotationProcessor
jakarta.xml.bind:jakarta.xml.bind-api:4.0.2=compileClasspath,testCompileClasspath
jakarta.xml.soap:jakarta.xml.soap-api:3.0.2=compileClasspath,testCompileClasspath
javax.inject:javax.inject:1=archUnitExtraLib
javax.xml.bind:jaxb-api:2.3.1=testCompileClasspath
junit:junit-dep:4.11=testCompileClasspath
junit:junit:4.13.2=archUnitExtraLib,testCompileClasspath
net.bytebuddy:byte-buddy-agent:1.15.11=archUnitExtraLib
net.bytebuddy:byte-buddy-agent:1.17.5=testCompileClasspath
net.bytebuddy:byte-buddy:1.15.11=annotationProcessor,archUnitExtraLib
net.bytebuddy:byte-buddy:1.17.5=testCompileClasspath
net.minidev:accessors-smart:2.5.2=testCompileClasspath
net.minidev:json-smart:2.5.2=testCompileClasspath
net.sf.saxon:Saxon-HE:12.5=checkstyle
org.antlr:antlr4-runtime:4.13.0=annotationProcessor
org.antlr:antlr4-runtime:4.13.2=checkstyle
org.apache.commons:commons-collections4:4.4=testCompileClasspath
org.apache.commons:commons-compress:1.27.1=compileClasspath,testCompileClasspath
org.apache.commons:commons-configuration2:2.12.0=compileClasspath,testCompileClasspath
org.apache.commons:commons-lang3:3.17.0=archUnitExtraLib
org.apache.commons:commons-lang3:3.18.0=compileClasspath,testCompileClasspath
org.apache.commons:commons-lang3:3.8.1=checkstyle
org.apache.commons:commons-text:1.13.1=compileClasspath,testCompileClasspath
org.apache.commons:commons-text:1.3=checkstyle
org.apache.httpcomponents.client5:httpclient5:5.1.3=checkstyle
org.apache.httpcomponents.client5:httpclient5:5.5=compileClasspath,testCompileClasspath
org.apache.httpcomponents.core5:httpcore5-h2:5.1.3=checkstyle
org.apache.httpcomponents.core5:httpcore5-h2:5.3.5=compileClasspath,testCompileClasspath
org.apache.httpcomponents.core5:httpcore5:5.1.3=checkstyle
org.apache.httpcomponents.core5:httpcore5:5.3.5=compileClasspath,testCompileClasspath
org.apache.httpcomponents:httpasyncclient:4.1.5=testCompileClasspath
org.apache.httpcomponents:httpclient:4.5.13=checkstyle
org.apache.httpcomponents:httpclient:4.5.14=compileClasspath,testCompileClasspath
org.apache.httpcomponents:httpcore-nio:4.4.16=testCompileClasspath
org.apache.httpcomponents:httpcore:4.4.14=checkstyle
org.apache.httpcomponents:httpcore:4.4.16=compileClasspath,testCompileClasspath
org.apache.james:apache-mime4j-core:0.8.7=compileClasspath,testCompileClasspath
org.apache.logging.log4j:log4j-api:2.24.3=compileClasspath,testCompileClasspath
org.apache.logging.log4j:log4j-to-slf4j:2.24.3=compileClasspath,testCompileClasspath
org.apache.maven.doxia:doxia-core:1.12.0=checkstyle
org.apache.maven.doxia:doxia-logging-api:1.12.0=checkstyle
org.apache.maven.doxia:doxia-module-xdoc:1.12.0=checkstyle
org.apache.maven.doxia:doxia-sink-api:1.12.0=checkstyle
org.apache.santuario:xmlsec:4.0.4=compileClasspath,testCompileClasspath
org.apache.tomcat.embed:tomcat-embed-core:10.1.46=compileClasspath,testCompileClasspath
org.apache.tomcat.embed:tomcat-embed-el:10.1.46=compileClasspath,testCompileClasspath
org.apache.tomcat.embed:tomcat-embed-websocket:10.1.46=compileClasspath,testCompileClasspath
org.apache.xbean:xbean-reflect:3.7=checkstyle
org.apiguardian:apiguardian-api:1.1.2=testCompileClasspath
org.assertj:assertj-core:3.27.3=testCompileClasspath
org.awaitility:awaitility:4.3.0=testCompileClasspath
org.bouncycastle:bcpkix-jdk18on:1.81=compileClasspath,testCompileClasspath
org.bouncycastle:bcprov-jdk18on:1.81=compileClasspath,testCompileClasspath
org.bouncycastle:bcutil-jdk18on:1.81=compileClasspath,testCompileClasspath
org.checkerframework:checker-qual:3.33.0=archUnitExtraLib
org.checkerframework:checker-qual:3.43.0=compileClasspath,testCompileClasspath
org.checkerframework:checker-qual:3.49.1=checkstyle
org.codehaus.mojo:animal-sniffer-annotations:1.24=compileClasspath,testCompileClasspath
org.codehaus.plexus:plexus-classworlds:2.6.0=checkstyle
org.codehaus.plexus:plexus-component-annotations:2.1.0=checkstyle
org.codehaus.plexus:plexus-container-default:2.1.0=checkstyle
org.codehaus.plexus:plexus-utils:3.3.0=checkstyle
org.eclipse.angus:angus-activation:2.0.0=annotationProcessor
org.eclipse.jetty:jetty-http:12.0.27=compileClasspath,testCompileClasspath
org.eclipse.jetty:jetty-io:12.0.27=compileClasspath,testCompileClasspath
org.eclipse.jetty:jetty-util:12.0.27=compileClasspath,testCompileClasspath
org.glassfish.jaxb:jaxb-core:4.0.2=annotationProcessor
org.glassfish.jaxb:jaxb-core:4.0.5=compileClasspath,testCompileClasspath
org.glassfish.jaxb:jaxb-runtime:4.0.2=annotationProcessor
org.glassfish.jaxb:jaxb-runtime:4.0.5=compileClasspath,testCompileClasspath
org.glassfish.jaxb:txw2:4.0.2=annotationProcessor
org.glassfish.jaxb:txw2:4.0.5=compileClasspath,testCompileClasspath
org.hamcrest:hamcrest-core:2.2=archUnitExtraLib,testCompileClasspath
org.hamcrest:hamcrest:2.2=archUnitExtraLib,testCompileClasspath
org.hibernate.common:hibernate-commons-annotations:7.0.3.Final=annotationProcessor
org.hibernate.orm:hibernate-core:6.6.13.Final=annotationProcessor
org.hibernate.orm:hibernate-jpamodelgen:6.6.13.Final=annotationProcessor
org.hibernate.validator:hibernate-validator:8.0.3.Final=compileClasspath,testCompileClasspath
org.hibernate:hibernate-jpamodelgen:6.6.13.Final=annotationProcessor
org.javassist:javassist:3.27.0-GA=archUnitExtraLib
org.javassist:javassist:3.28.0-GA=checkstyle
org.jboss.forge.roaster:roaster-api:2.28.0.Final=archUnitExtraLib
org.jboss.forge.roaster:roaster-jdt:2.28.0.Final=archUnitExtraLib
org.jboss.logging:jboss-logging:3.5.0.Final=annotationProcessor
org.jboss.logging:jboss-logging:3.6.1.Final=compileClasspath,testCompileClasspath
org.jspecify:jspecify:1.0.0=checkstyle
org.junit.jupiter:junit-jupiter-api:5.11.4=archUnitExtraLib,testCompileClasspath
org.junit.jupiter:junit-jupiter-engine:5.11.4=archUnitExtraLib,testCompileClasspath
org.junit.jupiter:junit-jupiter-params:5.11.4=archUnitExtraLib,testCompileClasspath
org.junit.jupiter:junit-jupiter:5.11.4=archUnitExtraLib,testCompileClasspath
org.junit.platform:junit-platform-commons:1.11.4=archUnitExtraLib,testCompileClasspath
org.junit.platform:junit-platform-engine:1.11.4=archUnitExtraLib,testCompileClasspath
org.junit.vintage:junit-vintage-engine:5.11.4=testCompileClasspath
org.junit:junit-bom:5.11.4=archUnitExtraLib,testCompileClasspath
org.jvnet.staxex:stax-ex:2.1.0=compileClasspath,testCompileClasspath
org.liquibase:liquibase-core:4.29.2=testCompileClasspath
org.mapstruct:mapstruct-processor:1.6.3=annotationProcessor
org.mapstruct:mapstruct:1.6.3=compileClasspath,testCompileClasspath
org.mockito:mockito-core:5.18.0=mockitoAgent,testCompileClasspath
org.mockito:mockito-junit-jupiter:5.18.0=testCompileClasspath
org.objenesis:objenesis:3.0.1=archUnitExtraLib
org.opentest4j:opentest4j:1.3.0=archUnitExtraLib,testCompileClasspath
org.ow2.asm:asm:9.7.1=testCompileClasspath
org.powermock:powermock-core:2.0.9=archUnitExtraLib
org.powermock:powermock-module-junit4-common:2.0.9=archUnitExtraLib
org.powermock:powermock-module-junit4:2.0.9=archUnitExtraLib
org.powermock:powermock-reflect:2.0.9=archUnitExtraLib
org.projectlombok:lombok-mapstruct-binding:0.2.0=annotationProcessor
org.projectlombok:lombok:1.18.38=annotationProcessor,testAnnotationProcessor
org.projectlombok:lombok:1.18.40=compileClasspath,testCompileClasspath
org.reflections:reflections:0.10.2=checkstyle
org.skyscreamer:jsonassert:1.5.3=testCompileClasspath
org.slf4j:jcl-over-slf4j:2.0.17=compileClasspath,testCompileClasspath
org.slf4j:jul-to-slf4j:2.0.17=compileClasspath,testCompileClasspath
org.slf4j:slf4j-api:2.0.17=archUnitExtraLib,compileClasspath,testCompileClasspath
org.springframework.boot:spring-boot-autoconfigure:3.4.10=compileClasspath,testCompileClasspath
org.springframework.boot:spring-boot-dependencies:3.4.10=archUnitExtraLib,compileClasspath,testCompileClasspath
org.springframework.boot:spring-boot-starter-cache:3.4.10=compileClasspath,testCompileClasspath
org.springframework.boot:spring-boot-starter-json:3.4.10=compileClasspath,testCompileClasspath
org.springframework.boot:spring-boot-starter-logging:3.4.10=compileClasspath,testCompileClasspath
org.springframework.boot:spring-boot-starter-security:3.4.10=compileClasspath,testCompileClasspath
org.springframework.boot:spring-boot-starter-test:3.4.10=testCompileClasspath
org.springframework.boot:spring-boot-starter-tomcat:3.4.10=compileClasspath,testCompileClasspath
org.springframework.boot:spring-boot-starter-validation:3.4.10=compileClasspath,testCompileClasspath
org.springframework.boot:spring-boot-starter-web:3.4.10=compileClasspath,testCompileClasspath
org.springframework.boot:spring-boot-starter:3.4.10=compileClasspath,testCompileClasspath
org.springframework.boot:spring-boot-test-autoconfigure:3.4.10=testCompileClasspath
org.springframework.boot:spring-boot-test:3.4.10=testCompileClasspath
org.springframework.boot:spring-boot:3.4.10=compileClasspath,testCompileClasspath
org.springframework.data:spring-data-commons:3.4.10=compileClasspath,testCompileClasspath
org.springframework.security:spring-security-config:6.4.11=compileClasspath,testCompileClasspath
org.springframework.security:spring-security-core:6.4.11=compileClasspath,testCompileClasspath
org.springframework.security:spring-security-crypto:6.4.11=compileClasspath,testCompileClasspath
org.springframework.security:spring-security-test:6.4.11=testCompileClasspath
org.springframework.security:spring-security-web:6.4.11=compileClasspath,testCompileClasspath
org.springframework:spring-aop:6.2.11=archUnitExtraLib,compileClasspath,testCompileClasspath
org.springframework:spring-beans:6.2.11=archUnitExtraLib,compileClasspath,testCompileClasspath
org.springframework:spring-context-support:6.2.11=compileClasspath,testCompileClasspath
org.springframework:spring-context:6.2.11=archUnitExtraLib,compileClasspath,testCompileClasspath
org.springframework:spring-core:6.2.11=archUnitExtraLib,compileClasspath,testCompileClasspath
org.springframework:spring-expression:6.2.11=archUnitExtraLib,compileClasspath,testCompileClasspath
org.springframework:spring-jcl:6.2.11=archUnitExtraLib,compileClasspath,testCompileClasspath
org.springframework:spring-test:6.2.11=testCompileClasspath
org.springframework:spring-web:6.2.11=compileClasspath,testCompileClasspath
org.springframework:spring-webmvc:6.2.11=compileClasspath,testCompileClasspath
org.xmlresolver:xmlresolver:5.2.2=checkstyle
org.xmlunit:xmlunit-assertj3:2.10.4=testCompileClasspath
org.xmlunit:xmlunit-core:2.10.4=testCompileClasspath
org.yaml:snakeyaml:2.3=compileClasspath,testCompileClasspath
empty=
