# This is a Gradle generated file for dependency locking.
# Manual edits can break the build and are not advised.
# This file is expected to be part of source control.
com.fasterxml.jackson.core:jackson-annotations:2.18.2=compileClasspath,testCompileClasspath
com.fasterxml.jackson.core:jackson-core:2.18.2=compileClasspath,testCompileClasspath
com.fasterxml.jackson.core:jackson-databind:2.18.2=compileClasspath,testCompileClasspath
com.fasterxml.jackson.datatype:jackson-datatype-jsr310:2.18.2=compileClasspath,testCompileClasspath
com.fasterxml.jackson:jackson-bom:2.18.2=compileClasspath,testCompileClasspath
com.github.stefanbirkner:system-rules:1.19.0=testCompileClasspath
com.google.code.findbugs:jsr305:3.0.2=archUnitExtraLib,checkstyle,compileClasspath,testCompileClasspath
com.google.errorprone:error_prone_annotations:2.18.0=archUnitExtraLib
com.google.errorprone:error_prone_annotations:2.21.1=checkstyle
com.google.errorprone:error_prone_annotations:2.36.0=compileClasspath,testCompileClasspath
com.google.guava:failureaccess:1.0.1=archUnitExtraLib,checkstyle
com.google.guava:failureaccess:1.0.2=compileClasspath,testCompileClasspath
com.google.guava:guava-parent:32.1.2-jre=archUnitExtraLib
com.google.guava:guava:32.1.2-jre=archUnitExtraLib
com.google.guava:guava:32.1.3-jre=checkstyle
com.google.guava:guava:33.4.0-jre=compileClasspath,testCompileClasspath
com.google.guava:listenablefuture:9999.0-empty-to-avoid-conflict-with-guava=archUnitExtraLib,checkstyle,compileClasspath,testCompileClasspath
com.google.j2objc:j2objc-annotations:3.0.0=compileClasspath,testCompileClasspath
com.puppycrawl.tools:checkstyle:10.12.6=checkstyle
com.societegenerale.commons:arch-unit-build-plugin-core:4.0.0=archUnitExtraLib
com.sun.istack:istack-commons-runtime:4.1.2=compileClasspath,testCompileClasspath,xjc
com.sun.istack:istack-commons-tools:4.1.2=xjc
com.sun.xml.bind.external:relaxng-datatype:4.0.5=xjc
com.sun.xml.bind.external:rngom:4.0.5=xjc
com.sun.xml.dtd-parser:dtd-parser:1.5.1=xjc
com.sun.xml.messaging.saaj:saaj-impl:3.0.4=compileClasspath,testCompileClasspath
com.tngtech.archunit:archunit:1.2.0=archUnitExtraLib
commons-beanutils:commons-beanutils:1.9.4=checkstyle
commons-codec:commons-codec:1.15=checkstyle
commons-codec:commons-codec:1.17.1=compileClasspath,testCompileClasspath
commons-collections:commons-collections:3.2.2=checkstyle
commons-io:commons-io:2.13.0=archUnitExtraLib
commons-io:commons-io:2.18.0=compileClasspath,testCompileClasspath
commons-logging:commons-logging:1.3.2=compileClasspath,testCompileClasspath
info.picocli:picocli:4.7.5=checkstyle
io.micrometer:micrometer-commons:1.13.11=archUnitExtraLib,compileClasspath,testCompileClasspath
io.micrometer:micrometer-observation:1.13.11=archUnitExtraLib,compileClasspath,testCompileClasspath
io.opentelemetry.instrumentation:opentelemetry-instrumentation-annotations:2.10.0=compileClasspath,testCompileClasspath
io.opentelemetry:opentelemetry-api:1.44.1=compileClasspath,testCompileClasspath
io.opentelemetry:opentelemetry-context:1.44.1=compileClasspath,testCompileClasspath
jakarta.activation:jakarta.activation-api:2.1.3=compileClasspath,testCompileClasspath,xjc
jakarta.annotation:jakarta.annotation-api:3.0.0=archUnitExtraLib
jakarta.inject:jakarta.inject-api:2.0.1=compileClasspath,testCompileClasspath
jakarta.servlet:jakarta.servlet-api:6.1.0=compileClasspath,testCompileClasspath
jakarta.xml.bind:jakarta.xml.bind-api:4.0.2=compileClasspath,testCompileClasspath,xjc
jakarta.xml.soap:jakarta.xml.soap-api:3.0.2=compileClasspath,testCompileClasspath
javax.inject:javax.inject:1=archUnitExtraLib
junit:junit-dep:4.11=testCompileClasspath
junit:junit:4.13.2=archUnitExtraLib,testCompileClasspath
net.bytebuddy:byte-buddy-agent:1.14.19=archUnitExtraLib
net.bytebuddy:byte-buddy-agent:1.15.11=testCompileClasspath
net.bytebuddy:byte-buddy:1.14.19=archUnitExtraLib
net.bytebuddy:byte-buddy:1.15.11=testCompileClasspath
net.sf.saxon:Saxon-HE:12.4=checkstyle
org.antlr:antlr4-runtime:4.13.1=checkstyle
org.apache.commons:commons-configuration2:2.11.0=compileClasspath,testCompileClasspath
org.apache.commons:commons-lang3:3.14.0=archUnitExtraLib
org.apache.commons:commons-lang3:3.17.0=compileClasspath,testCompileClasspath
org.apache.commons:commons-lang3:3.8.1=checkstyle
org.apache.commons:commons-text:1.13.0=compileClasspath,testCompileClasspath
org.apache.commons:commons-text:1.3=checkstyle
org.apache.httpcomponents.client5:httpclient5:5.1.3=checkstyle
org.apache.httpcomponents.client5:httpclient5:5.4.1=compileClasspath,testCompileClasspath
org.apache.httpcomponents.core5:httpcore5-h2:5.1.3=checkstyle
org.apache.httpcomponents.core5:httpcore5-h2:5.3.1=compileClasspath,testCompileClasspath
org.apache.httpcomponents.core5:httpcore5:5.1.3=checkstyle
org.apache.httpcomponents.core5:httpcore5:5.3.1=compileClasspath,testCompileClasspath
org.apache.httpcomponents:httpasyncclient:4.1.5=testCompileClasspath
org.apache.httpcomponents:httpclient:4.5.13=checkstyle
org.apache.httpcomponents:httpclient:4.5.14=compileClasspath,testCompileClasspath
org.apache.httpcomponents:httpcore-nio:4.4.16=testCompileClasspath
org.apache.httpcomponents:httpcore:4.4.14=checkstyle
org.apache.httpcomponents:httpcore:4.4.16=compileClasspath,testCompileClasspath
org.apache.james:apache-mime4j-core:0.8.7=compileClasspath,testCompileClasspath
org.apache.maven.doxia:doxia-core:1.12.0=checkstyle
org.apache.maven.doxia:doxia-logging-api:1.12.0=checkstyle
org.apache.maven.doxia:doxia-module-xdoc:1.12.0=checkstyle
org.apache.maven.doxia:doxia-sink-api:1.12.0=checkstyle
org.apache.santuario:xmlsec:4.0.3=compileClasspath,testCompileClasspath
org.apache.xbean:xbean-reflect:3.7=checkstyle
org.apiguardian:apiguardian-api:1.1.2=testCompileClasspath
org.assertj:assertj-core:3.27.3=testCompileClasspath
org.awaitility:awaitility:4.2.2=testCompileClasspath
org.bouncycastle:bcpkix-jdk18on:1.80=compileClasspath,testCompileClasspath
org.bouncycastle:bcprov-jdk18on:1.80=compileClasspath,testCompileClasspath
org.bouncycastle:bcutil-jdk18on:1.80=compileClasspath,testCompileClasspath
org.checkerframework:checker-qual:3.33.0=archUnitExtraLib
org.checkerframework:checker-qual:3.41.0=checkstyle
org.checkerframework:checker-qual:3.43.0=compileClasspath,testCompileClasspath
org.codehaus.plexus:plexus-classworlds:2.6.0=checkstyle
org.codehaus.plexus:plexus-component-annotations:2.1.0=checkstyle
org.codehaus.plexus:plexus-container-default:2.1.0=checkstyle
org.codehaus.plexus:plexus-utils:3.3.0=checkstyle
org.eclipse.angus:angus-activation:2.0.2=xjc
org.eclipse.jetty:jetty-http:12.0.16=compileClasspath,testCompileClasspath
org.eclipse.jetty:jetty-io:12.0.16=compileClasspath,testCompileClasspath
org.eclipse.jetty:jetty-util:12.0.16=compileClasspath,testCompileClasspath
org.glassfish.jaxb:codemodel:4.0.5=xjc
org.glassfish.jaxb:jaxb-core:4.0.5=compileClasspath,testCompileClasspath,xjc
org.glassfish.jaxb:jaxb-runtime:4.0.5=compileClasspath,testCompileClasspath,xjc
org.glassfish.jaxb:jaxb-xjc:4.0.5=xjc
org.glassfish.jaxb:txw2:4.0.5=compileClasspath,testCompileClasspath,xjc
org.glassfish.jaxb:xsom:4.0.5=xjc
org.hamcrest:hamcrest-core:2.2=archUnitExtraLib,testCompileClasspath
org.hamcrest:hamcrest:2.2=archUnitExtraLib,testCompileClasspath
org.javassist:javassist:3.27.0-GA=archUnitExtraLib
org.javassist:javassist:3.28.0-GA=checkstyle
org.jboss.forge.roaster:roaster-api:2.28.0.Final=archUnitExtraLib
org.jboss.forge.roaster:roaster-jdt:2.28.0.Final=archUnitExtraLib
org.junit.jupiter:junit-jupiter-api:5.10.5=archUnitExtraLib
org.junit.jupiter:junit-jupiter-api:5.11.4=testCompileClasspath
org.junit.jupiter:junit-jupiter-engine:5.10.5=archUnitExtraLib
org.junit.jupiter:junit-jupiter-engine:5.11.4=testCompileClasspath
org.junit.jupiter:junit-jupiter-params:5.10.5=archUnitExtraLib
org.junit.jupiter:junit-jupiter:5.10.5=archUnitExtraLib
org.junit.platform:junit-platform-commons:1.10.5=archUnitExtraLib
org.junit.platform:junit-platform-commons:1.11.4=testCompileClasspath
org.junit.platform:junit-platform-engine:1.10.5=archUnitExtraLib
org.junit.platform:junit-platform-engine:1.11.4=testCompileClasspath
org.junit.vintage:junit-vintage-engine:5.11.4=testCompileClasspath
org.junit:junit-bom:5.10.5=archUnitExtraLib
org.junit:junit-bom:5.11.4=testCompileClasspath
org.jvnet.staxex:stax-ex:2.1.0=compileClasspath,testCompileClasspath
org.mockito:mockito-core:5.15.2=testCompileClasspath
org.mockito:mockito-junit-jupiter:5.15.2=testCompileClasspath
org.objenesis:objenesis:3.0.1=archUnitExtraLib
org.opentest4j:opentest4j:1.3.0=archUnitExtraLib,testCompileClasspath
org.powermock:powermock-core:2.0.9=archUnitExtraLib
org.powermock:powermock-module-junit4-common:2.0.9=archUnitExtraLib
org.powermock:powermock-module-junit4:2.0.9=archUnitExtraLib
org.powermock:powermock-reflect:2.0.9=archUnitExtraLib
org.projectlombok:lombok:1.18.36=annotationProcessor,compileClasspath,testAnnotationProcessor,testCompileClasspath
org.reflections:reflections:0.10.2=checkstyle
org.slf4j:jcl-over-slf4j:2.0.16=compileClasspath,testCompileClasspath
org.slf4j:slf4j-api:2.0.16=archUnitExtraLib,compileClasspath,testCompileClasspath
org.springframework.boot:spring-boot-dependencies:3.3.9=archUnitExtraLib,compileClasspath,testCompileClasspath
org.springframework:spring-aop:6.1.17=archUnitExtraLib,compileClasspath,testCompileClasspath
org.springframework:spring-beans:6.1.17=archUnitExtraLib,compileClasspath,testCompileClasspath
org.springframework:spring-context-support:6.1.17=compileClasspath,testCompileClasspath
org.springframework:spring-context:6.1.17=archUnitExtraLib,compileClasspath,testCompileClasspath
org.springframework:spring-core:6.1.17=archUnitExtraLib,compileClasspath,testCompileClasspath
org.springframework:spring-expression:6.1.17=archUnitExtraLib,compileClasspath,testCompileClasspath
org.springframework:spring-jcl:6.1.17=archUnitExtraLib,compileClasspath,testCompileClasspath
org.springframework:spring-test:6.1.17=testCompileClasspath
org.xmlresolver:xmlresolver:5.2.2=checkstyle
empty=
