# This is a Gradle generated file for dependency locking.
# Manual edits can break the build and are not advised.
# This file is expected to be part of source control.
aopalliance:aopalliance:1.0=aggregateCodeCoverageReportResults
ch.qos.logback.access:logback-access-common:2.0.9=aggregateCodeCoverageReportResults
ch.qos.logback.access:logback-access-tomcat:2.0.9=aggregateCodeCoverageReportResults
ch.qos.logback:logback-classic:1.5.27=aggregateCodeCoverageReportResults
ch.qos.logback:logback-core:1.5.27=aggregateCodeCoverageReportResults
com.beust:jcommander:1.82=aggregateCodeCoverageReportResults
com.bucket4j:bucket4j-core:8.10.1=aggregateCodeCoverageReportResults
com.codeborne:selenide-core:7.13.0=aggregateCodeCoverageReportResults
com.codeborne:selenide-proxy:7.13.0=aggregateCodeCoverageReportResults
com.codeborne:selenide:7.13.0=aggregateCodeCoverageReportResults
com.ethlo.time:itu:1.7.0=aggregateCodeCoverageReportResults
com.fasterxml.jackson.core:jackson-annotations:2.20=aggregateCodeCoverageReportResults
com.fasterxml.jackson.core:jackson-core:2.20.1=aggregateCodeCoverageReportResults
com.fasterxml.jackson.core:jackson-databind:2.20.1=aggregateCodeCoverageReportResults
com.fasterxml.jackson.dataformat:jackson-dataformat-xml:2.20.1=aggregateCodeCoverageReportResults
com.fasterxml.jackson.dataformat:jackson-dataformat-yaml:2.20.1=aggregateCodeCoverageReportResults
com.fasterxml.jackson.datatype:jackson-datatype-jdk8:2.20.1=aggregateCodeCoverageReportResults
com.fasterxml.jackson.datatype:jackson-datatype-jsr310:2.20.1=aggregateCodeCoverageReportResults
com.fasterxml.jackson.module:jackson-module-jaxb-annotations:2.20.1=aggregateCodeCoverageReportResults
com.fasterxml.jackson.module:jackson-module-kotlin:2.20.1=aggregateCodeCoverageReportResults
com.fasterxml.jackson.module:jackson-module-parameter-names:2.20.1=aggregateCodeCoverageReportResults
com.fasterxml.jackson:jackson-bom:2.20.1=aggregateCodeCoverageReportResults
com.fasterxml.uuid:java-uuid-generator:4.1.0=aggregateCodeCoverageReportResults
com.fasterxml.woodstox:woodstox-core:7.1.1=aggregateCodeCoverageReportResults
com.fasterxml:classmate:1.7.0=aggregateCodeCoverageReportResults
com.github.baev:jaxb-utils:1.0=aggregateCodeCoverageReportResults
com.github.ben-manes.caffeine:caffeine:3.2.2=aggregateCodeCoverageReportResults
com.github.cliftonlabs:json-simple:3.0.2=aggregateCodeCoverageReportResults
com.github.docker-java:docker-java-api:3.4.2=aggregateCodeCoverageReportResults
com.github.docker-java:docker-java-transport-zerodep:3.4.2=aggregateCodeCoverageReportResults
com.github.docker-java:docker-java-transport:3.4.2=aggregateCodeCoverageReportResults
com.github.java-json-tools:btf:1.3=aggregateCodeCoverageReportResults
com.github.java-json-tools:jackson-coreutils-equivalence:1.0=aggregateCodeCoverageReportResults
com.github.java-json-tools:jackson-coreutils:2.0=aggregateCodeCoverageReportResults
com.github.java-json-tools:json-patch:1.13=aggregateCodeCoverageReportResults
com.github.java-json-tools:json-schema-core:1.2.14=aggregateCodeCoverageReportResults
com.github.java-json-tools:json-schema-validator:2.2.14=aggregateCodeCoverageReportResults
com.github.java-json-tools:msg-simple:1.2=aggregateCodeCoverageReportResults
com.github.java-json-tools:uri-template:0.10=aggregateCodeCoverageReportResults
com.github.stefanbirkner:system-rules:1.19.0=aggregateCodeCoverageReportResults
com.github.stephenc.jcip:jcip-annotations:1.0-1=aggregateCodeCoverageReportResults
com.github.valfirst.browserup-proxy:browserup-proxy-core:3.2.2=aggregateCodeCoverageReportResults
com.github.valfirst.browserup-proxy:browserup-proxy-mitm:3.2.2=aggregateCodeCoverageReportResults
com.google.android:annotations:4.1.1.4=aggregateCodeCoverageReportResults
com.google.api.grpc:proto-google-common-protos:2.59.2=aggregateCodeCoverageReportResults
com.google.auto.service:auto-service-annotations:1.1.1=aggregateCodeCoverageReportResults
com.google.code.findbugs:jsr305:3.0.2=aggregateCodeCoverageReportResults
com.google.code.gson:gson:2.13.2=aggregateCodeCoverageReportResults
com.google.errorprone:error_prone_annotations:2.45.0=aggregateCodeCoverageReportResults
com.google.guava:failureaccess:1.0.3=aggregateCodeCoverageReportResults
com.google.guava:guava:33.5.0-jre=aggregateCodeCoverageReportResults
com.google.guava:listenablefuture:9999.0-empty-to-avoid-conflict-with-guava=aggregateCodeCoverageReportResults
com.google.j2objc:j2objc-annotations:3.1=aggregateCodeCoverageReportResults
com.google.protobuf:protobuf-java-util:4.32.1=aggregateCodeCoverageReportResults
com.google.protobuf:protobuf-java:4.32.1=aggregateCodeCoverageReportResults
com.googlecode.clichemaven:cliche:110413=aggregateCodeCoverageReportResults
com.googlecode.libphonenumber:libphonenumber:8.11.1=aggregateCodeCoverageReportResults
com.jayway.jsonpath:json-path:2.9.0=aggregateCodeCoverageReportResults
com.jcraft:jzlib:1.1.3=aggregateCodeCoverageReportResults
com.lmax:disruptor:3.4.4=aggregateCodeCoverageReportResults
com.networknt:json-schema-validator:1.0.76=aggregateCodeCoverageReportResults
com.nimbusds:nimbus-jose-jwt:9.28=aggregateCodeCoverageReportResults
com.nortal.test:test-automation-allure:0.2.21=aggregateCodeCoverageReportResults
com.nortal.test:test-automation-containers:0.2.21=aggregateCodeCoverageReportResults
com.nortal.test:test-automation-core:0.2.21=aggregateCodeCoverageReportResults
com.nortal.test:test-automation-feign:0.2.21=aggregateCodeCoverageReportResults
com.nortal.test:test-automation-selenide:0.2.21=aggregateCodeCoverageReportResults
com.opencsv:opencsv:5.10=aggregateCodeCoverageReportResults
com.samskivert:jmustache:1.16=aggregateCodeCoverageReportResults
com.societegenerale.commons:arch-unit-build-plugin-core:4.0.0=aggregateCodeCoverageReportResults
com.squareup.okhttp3:okhttp:4.12.0=aggregateCodeCoverageReportResults
com.squareup.okio:okio-jvm:3.6.0=aggregateCodeCoverageReportResults
com.squareup.okio:okio:3.6.0=aggregateCodeCoverageReportResults
com.sun.istack:istack-commons-runtime:4.1.2=aggregateCodeCoverageReportResults
com.sun.istack:istack-commons-tools:4.1.2=aggregateCodeCoverageReportResults
com.sun.mail:mailapi:1.6.2=aggregateCodeCoverageReportResults
com.sun.xml.bind.external:relaxng-datatype:4.0.6=aggregateCodeCoverageReportResults
com.sun.xml.bind.external:rngom:4.0.6=aggregateCodeCoverageReportResults
com.sun.xml.bind:jaxb-core:4.0.5=aggregateCodeCoverageReportResults
com.sun.xml.bind:jaxb-impl:4.0.5=aggregateCodeCoverageReportResults
com.sun.xml.dtd-parser:dtd-parser:1.5.1=aggregateCodeCoverageReportResults
com.sun.xml.messaging.saaj:saaj-impl:3.0.4=aggregateCodeCoverageReportResults
com.tngtech.archunit:archunit:1.2.0=aggregateCodeCoverageReportResults
com.vaadin.external.google:android-json:0.0.20131108.vaadin1=aggregateCodeCoverageReportResults
com.vladsch.flexmark:flexmark-ext-tables:0.62.2=aggregateCodeCoverageReportResults
com.vladsch.flexmark:flexmark-util-ast:0.62.2=aggregateCodeCoverageReportResults
com.vladsch.flexmark:flexmark-util-builder:0.62.2=aggregateCodeCoverageReportResults
com.vladsch.flexmark:flexmark-util-collection:0.62.2=aggregateCodeCoverageReportResults
com.vladsch.flexmark:flexmark-util-data:0.62.2=aggregateCodeCoverageReportResults
com.vladsch.flexmark:flexmark-util-dependency:0.62.2=aggregateCodeCoverageReportResults
com.vladsch.flexmark:flexmark-util-format:0.62.2=aggregateCodeCoverageReportResults
com.vladsch.flexmark:flexmark-util-html:0.62.2=aggregateCodeCoverageReportResults
com.vladsch.flexmark:flexmark-util-misc:0.62.2=aggregateCodeCoverageReportResults
com.vladsch.flexmark:flexmark-util-options:0.62.2=aggregateCodeCoverageReportResults
com.vladsch.flexmark:flexmark-util-sequence:0.62.2=aggregateCodeCoverageReportResults
com.vladsch.flexmark:flexmark-util-visitor:0.62.2=aggregateCodeCoverageReportResults
com.vladsch.flexmark:flexmark-util:0.62.2=aggregateCodeCoverageReportResults
com.vladsch.flexmark:flexmark:0.62.2=aggregateCodeCoverageReportResults
com.zaxxer:HikariCP:7.0.2=aggregateCodeCoverageReportResults
commons-beanutils:commons-beanutils:1.10.0=aggregateCodeCoverageReportResults
commons-cli:commons-cli:1.11.0=aggregateCodeCoverageReportResults
commons-codec:commons-codec:1.19.0=aggregateCodeCoverageReportResults
commons-collections:commons-collections:3.2.2=aggregateCodeCoverageReportResults
commons-fileupload:commons-fileupload:1.5=aggregateCodeCoverageReportResults
commons-io:commons-io:2.21.0=aggregateCodeCoverageReportResults
commons-logging:commons-logging:1.3.5=aggregateCodeCoverageReportResults
de.sstoehr:har-reader:2.5.0=aggregateCodeCoverageReportResults
io.cucumber:ci-environment:10.0.1=aggregateCodeCoverageReportResults
io.cucumber:cucumber-core:7.18.1=aggregateCodeCoverageReportResults
io.cucumber:cucumber-expressions:17.1.0=aggregateCodeCoverageReportResults
io.cucumber:cucumber-gherkin-messages:7.18.1=aggregateCodeCoverageReportResults
io.cucumber:cucumber-gherkin:7.18.1=aggregateCodeCoverageReportResults
io.cucumber:cucumber-java:7.18.1=aggregateCodeCoverageReportResults
io.cucumber:cucumber-junit-platform-engine:7.18.1=aggregateCodeCoverageReportResults
io.cucumber:cucumber-plugin:7.18.1=aggregateCodeCoverageReportResults
io.cucumber:cucumber-spring:7.18.1=aggregateCodeCoverageReportResults
io.cucumber:datatable:7.18.1=aggregateCodeCoverageReportResults
io.cucumber:docstring:7.18.1=aggregateCodeCoverageReportResults
io.cucumber:gherkin:28.0.0=aggregateCodeCoverageReportResults
io.cucumber:html-formatter:21.4.1=aggregateCodeCoverageReportResults
io.cucumber:junit-xml-formatter:0.5.0=aggregateCodeCoverageReportResults
io.cucumber:messages:24.1.0=aggregateCodeCoverageReportResults
io.cucumber:query:12.2.0=aggregateCodeCoverageReportResults
io.cucumber:tag-expressions:6.1.0=aggregateCodeCoverageReportResults
io.cucumber:testng-xml-formatter:0.2.0=aggregateCodeCoverageReportResults
io.dropwizard.metrics:metrics-core:4.2.37=aggregateCodeCoverageReportResults
io.dropwizard.metrics:metrics-jmx:4.2.37=aggregateCodeCoverageReportResults
io.github.classgraph:classgraph:4.8.154=aggregateCodeCoverageReportResults
io.github.littleproxy:littleproxy:2.4.6=aggregateCodeCoverageReportResults
io.github.openfeign:feign-core:13.6=aggregateCodeCoverageReportResults
io.github.openfeign:feign-form-spring:13.6=aggregateCodeCoverageReportResults
io.github.openfeign:feign-form:13.6=aggregateCodeCoverageReportResults
io.github.openfeign:feign-hc5:13.6=aggregateCodeCoverageReportResults
io.github.openfeign:feign-jackson:13.6=aggregateCodeCoverageReportResults
io.github.openfeign:feign-okhttp:13.6=aggregateCodeCoverageReportResults
io.github.openfeign:feign-slf4j:13.6=aggregateCodeCoverageReportResults
io.grpc:grpc-api:1.76.0=aggregateCodeCoverageReportResults
io.grpc:grpc-context:1.76.0=aggregateCodeCoverageReportResults
io.grpc:grpc-core:1.76.0=aggregateCodeCoverageReportResults
io.grpc:grpc-netty-shaded:1.76.0=aggregateCodeCoverageReportResults
io.grpc:grpc-protobuf-lite:1.76.0=aggregateCodeCoverageReportResults
io.grpc:grpc-protobuf:1.76.0=aggregateCodeCoverageReportResults
io.grpc:grpc-stub:1.76.0=aggregateCodeCoverageReportResults
io.grpc:grpc-util:1.76.0=aggregateCodeCoverageReportResults
io.micrometer:context-propagation:1.1.3=aggregateCodeCoverageReportResults
io.micrometer:micrometer-commons:1.15.4=aggregateCodeCoverageReportResults
io.micrometer:micrometer-core:1.15.4=aggregateCodeCoverageReportResults
io.micrometer:micrometer-jakarta9:1.15.4=aggregateCodeCoverageReportResults
io.micrometer:micrometer-observation:1.15.4=aggregateCodeCoverageReportResults
io.micrometer:micrometer-tracing-bridge-brave:1.5.4=aggregateCodeCoverageReportResults
io.micrometer:micrometer-tracing:1.5.4=aggregateCodeCoverageReportResults
io.netty:netty-all:4.2.7.Final=aggregateCodeCoverageReportResults
io.netty:netty-buffer:4.2.7.Final=aggregateCodeCoverageReportResults
io.netty:netty-codec-base:4.2.7.Final=aggregateCodeCoverageReportResults
io.netty:netty-codec-classes-quic:4.2.7.Final=aggregateCodeCoverageReportResults
io.netty:netty-codec-compression:4.2.7.Final=aggregateCodeCoverageReportResults
io.netty:netty-codec-dns:4.2.7.Final=aggregateCodeCoverageReportResults
io.netty:netty-codec-haproxy:4.2.7.Final=aggregateCodeCoverageReportResults
io.netty:netty-codec-http2:4.2.7.Final=aggregateCodeCoverageReportResults
io.netty:netty-codec-http3:4.2.7.Final=aggregateCodeCoverageReportResults
io.netty:netty-codec-http:4.2.7.Final=aggregateCodeCoverageReportResults
io.netty:netty-codec-marshalling:4.2.7.Final=aggregateCodeCoverageReportResults
io.netty:netty-codec-memcache:4.2.7.Final=aggregateCodeCoverageReportResults
io.netty:netty-codec-mqtt:4.2.7.Final=aggregateCodeCoverageReportResults
io.netty:netty-codec-native-quic:4.2.7.Final=aggregateCodeCoverageReportResults
io.netty:netty-codec-protobuf:4.2.7.Final=aggregateCodeCoverageReportResults
io.netty:netty-codec-redis:4.2.7.Final=aggregateCodeCoverageReportResults
io.netty:netty-codec-smtp:4.2.7.Final=aggregateCodeCoverageReportResults
io.netty:netty-codec-socks:4.2.7.Final=aggregateCodeCoverageReportResults
io.netty:netty-codec-stomp:4.2.7.Final=aggregateCodeCoverageReportResults
io.netty:netty-codec-xml:4.2.7.Final=aggregateCodeCoverageReportResults
io.netty:netty-codec:4.2.7.Final=aggregateCodeCoverageReportResults
io.netty:netty-common:4.2.7.Final=aggregateCodeCoverageReportResults
io.netty:netty-handler-proxy:4.2.7.Final=aggregateCodeCoverageReportResults
io.netty:netty-handler-ssl-ocsp:4.2.7.Final=aggregateCodeCoverageReportResults
io.netty:netty-handler:4.2.7.Final=aggregateCodeCoverageReportResults
io.netty:netty-resolver-dns-classes-macos:4.2.7.Final=aggregateCodeCoverageReportResults
io.netty:netty-resolver-dns-native-macos:4.2.7.Final=aggregateCodeCoverageReportResults
io.netty:netty-resolver-dns:4.2.7.Final=aggregateCodeCoverageReportResults
io.netty:netty-resolver:4.2.7.Final=aggregateCodeCoverageReportResults
io.netty:netty-tcnative-boringssl-static:2.0.73.Final=aggregateCodeCoverageReportResults
io.netty:netty-tcnative-classes:2.0.73.Final=aggregateCodeCoverageReportResults
io.netty:netty-transport-classes-epoll:4.2.7.Final=aggregateCodeCoverageReportResults
io.netty:netty-transport-classes-io_uring:4.2.7.Final=aggregateCodeCoverageReportResults
io.netty:netty-transport-classes-kqueue:4.2.7.Final=aggregateCodeCoverageReportResults
io.netty:netty-transport-native-epoll:4.2.7.Final=aggregateCodeCoverageReportResults
io.netty:netty-transport-native-io_uring:4.2.7.Final=aggregateCodeCoverageReportResults
io.netty:netty-transport-native-kqueue:4.2.7.Final=aggregateCodeCoverageReportResults
io.netty:netty-transport-native-unix-common:4.2.7.Final=aggregateCodeCoverageReportResults
io.netty:netty-transport-rxtx:4.2.7.Final=aggregateCodeCoverageReportResults
io.netty:netty-transport-sctp:4.2.7.Final=aggregateCodeCoverageReportResults
io.netty:netty-transport-udt:4.2.7.Final=aggregateCodeCoverageReportResults
io.netty:netty-transport:4.2.7.Final=aggregateCodeCoverageReportResults
io.opentelemetry.instrumentation:opentelemetry-instrumentation-annotations:2.20.1=aggregateCodeCoverageReportResults
io.opentelemetry:opentelemetry-api:1.56.0=aggregateCodeCoverageReportResults
io.opentelemetry:opentelemetry-common:1.56.0=aggregateCodeCoverageReportResults
io.opentelemetry:opentelemetry-context:1.56.0=aggregateCodeCoverageReportResults
io.opentelemetry:opentelemetry-exporter-logging:1.56.0=aggregateCodeCoverageReportResults
io.opentelemetry:opentelemetry-sdk-common:1.56.0=aggregateCodeCoverageReportResults
io.opentelemetry:opentelemetry-sdk-extension-autoconfigure-spi:1.56.0=aggregateCodeCoverageReportResults
io.opentelemetry:opentelemetry-sdk-extension-autoconfigure:1.56.0=aggregateCodeCoverageReportResults
io.opentelemetry:opentelemetry-sdk-logs:1.56.0=aggregateCodeCoverageReportResults
io.opentelemetry:opentelemetry-sdk-metrics:1.56.0=aggregateCodeCoverageReportResults
io.opentelemetry:opentelemetry-sdk-trace:1.56.0=aggregateCodeCoverageReportResults
io.opentelemetry:opentelemetry-sdk:1.56.0=aggregateCodeCoverageReportResults
io.perfmark:perfmark-api:0.27.0=aggregateCodeCoverageReportResults
io.prometheus:simpleclient:0.16.0=aggregateCodeCoverageReportResults
io.prometheus:simpleclient_common:0.16.0=aggregateCodeCoverageReportResults
io.prometheus:simpleclient_httpserver:0.16.0=aggregateCodeCoverageReportResults
io.prometheus:simpleclient_tracer_common:0.16.0=aggregateCodeCoverageReportResults
io.prometheus:simpleclient_tracer_otel:0.16.0=aggregateCodeCoverageReportResults
io.prometheus:simpleclient_tracer_otel_agent:0.16.0=aggregateCodeCoverageReportResults
io.qameta.allure:allure-commandline:2.28.0=aggregateCodeCoverageReportResults
io.qameta.allure:allure-cucumber7-jvm:2.28.0=aggregateCodeCoverageReportResults
io.qameta.allure:allure-generator:2.28.0=aggregateCodeCoverageReportResults
io.qameta.allure:allure-java-commons:2.28.0=aggregateCodeCoverageReportResults
io.qameta.allure:allure-model:2.28.0=aggregateCodeCoverageReportResults
io.qameta.allure:allure-plugin-api:2.28.0=aggregateCodeCoverageReportResults
io.qameta.allure:allure-selenide:2.28.0=aggregateCodeCoverageReportResults
io.swagger.core.v3:swagger-annotations:2.2.41=aggregateCodeCoverageReportResults
io.swagger.core.v3:swagger-core:2.2.37=aggregateCodeCoverageReportResults
io.swagger.core.v3:swagger-models:2.2.37=aggregateCodeCoverageReportResults
io.swagger.parser.v3:swagger-parser-core:2.1.37=aggregateCodeCoverageReportResults
io.swagger.parser.v3:swagger-parser-safe-url-resolver:2.1.37=aggregateCodeCoverageReportResults
io.swagger.parser.v3:swagger-parser-v2-converter:2.1.10=aggregateCodeCoverageReportResults
io.swagger.parser.v3:swagger-parser-v3:2.1.37=aggregateCodeCoverageReportResults
io.swagger.parser.v3:swagger-parser:2.1.10=aggregateCodeCoverageReportResults
io.swagger:swagger-annotations:1.6.9=aggregateCodeCoverageReportResults
io.swagger:swagger-compat-spec-parser:1.0.64=aggregateCodeCoverageReportResults
io.swagger:swagger-core:1.6.9=aggregateCodeCoverageReportResults
io.swagger:swagger-models:1.6.9=aggregateCodeCoverageReportResults
io.swagger:swagger-parser:1.0.64=aggregateCodeCoverageReportResults
io.zipkin.aws:brave-propagation-aws:1.3.0=aggregateCodeCoverageReportResults
io.zipkin.brave:brave-context-slf4j:6.2.0=aggregateCodeCoverageReportResults
io.zipkin.brave:brave-instrumentation-http:6.2.0=aggregateCodeCoverageReportResults
io.zipkin.brave:brave:6.2.0=aggregateCodeCoverageReportResults
io.zipkin.contrib.brave-propagation-w3c:brave-propagation-tracecontext:0.2.0=aggregateCodeCoverageReportResults
jakarta.activation:jakarta.activation-api:2.1.4=aggregateCodeCoverageReportResults
jakarta.annotation:jakarta.annotation-api:3.0.0=aggregateCodeCoverageReportResults
jakarta.enterprise:jakarta.enterprise.cdi-api:4.0.1=aggregateCodeCoverageReportResults
jakarta.enterprise:jakarta.enterprise.lang-model:4.0.1=aggregateCodeCoverageReportResults
jakarta.inject:jakarta.inject-api:2.0.1=aggregateCodeCoverageReportResults
jakarta.interceptor:jakarta.interceptor-api:2.1.0=aggregateCodeCoverageReportResults
jakarta.persistence:jakarta.persistence-api:3.2.0=aggregateCodeCoverageReportResults
jakarta.servlet:jakarta.servlet-api:6.1.0=aggregateCodeCoverageReportResults
jakarta.transaction:jakarta.transaction-api:2.0.1=aggregateCodeCoverageReportResults
jakarta.validation:jakarta.validation-api:3.1.1=aggregateCodeCoverageReportResults
jakarta.websocket:jakarta.websocket-api:2.1.1=aggregateCodeCoverageReportResults
jakarta.websocket:jakarta.websocket-client-api:2.1.1=aggregateCodeCoverageReportResults
jakarta.xml.bind:jakarta.xml.bind-api:4.0.4=aggregateCodeCoverageReportResults
jakarta.xml.soap:jakarta.xml.soap-api:3.0.2=aggregateCodeCoverageReportResults
jakarta.xml.ws:jakarta.xml.ws-api:4.0.2=aggregateCodeCoverageReportResults
javax.activation:javax.activation-api:1.2.0=aggregateCodeCoverageReportResults
javax.inject:javax.inject:1=aggregateCodeCoverageReportResults
javax.servlet:javax.servlet-api:4.0.1=aggregateCodeCoverageReportResults
javax.xml.bind:jaxb-api:2.3.1=aggregateCodeCoverageReportResults
joda-time:joda-time:2.10.5=aggregateCodeCoverageReportResults
junit:junit-dep:4.11=aggregateCodeCoverageReportResults
junit:junit:4.13.2=aggregateCodeCoverageReportResults
net.bytebuddy:byte-buddy-agent:1.17.7=aggregateCodeCoverageReportResults
net.bytebuddy:byte-buddy:1.18.3=aggregateCodeCoverageReportResults
net.java.dev.jna:jna:5.13.0=aggregateCodeCoverageReportResults
net.javacrumbs.json-unit:json-unit-core:2.36.0=aggregateCodeCoverageReportResults
net.minidev:accessors-smart:2.5.2=aggregateCodeCoverageReportResults
net.minidev:json-smart:2.5.2=aggregateCodeCoverageReportResults
net.sf.jopt-simple:jopt-simple:5.0.4=aggregateCodeCoverageReportResults
org.allurefw:allure1-model:1.0=aggregateCodeCoverageReportResults
org.antlr:ST4:4.3.4=aggregateCodeCoverageReportResults
org.antlr:antlr-runtime:3.5.3=aggregateCodeCoverageReportResults
org.antlr:antlr4-runtime:4.13.2=aggregateCodeCoverageReportResults
org.apache.commons:commons-collections4:4.4=aggregateCodeCoverageReportResults
org.apache.commons:commons-compress:1.28.0=aggregateCodeCoverageReportResults
org.apache.commons:commons-configuration2:2.13.0=aggregateCodeCoverageReportResults
org.apache.commons:commons-digester3:3.2=aggregateCodeCoverageReportResults
org.apache.commons:commons-exec:1.6.0=aggregateCodeCoverageReportResults
org.apache.commons:commons-lang3:3.20.0=aggregateCodeCoverageReportResults
org.apache.commons:commons-text:1.15.0=aggregateCodeCoverageReportResults
org.apache.cxf:cxf-core:4.1.4=aggregateCodeCoverageReportResults
org.apache.cxf:cxf-rt-bindings-soap:4.1.4=aggregateCodeCoverageReportResults
org.apache.cxf:cxf-rt-databinding-jaxb:4.1.4=aggregateCodeCoverageReportResults
org.apache.cxf:cxf-rt-transports-http:4.1.4=aggregateCodeCoverageReportResults
org.apache.cxf:cxf-rt-wsdl:4.1.4=aggregateCodeCoverageReportResults
org.apache.cxf:cxf-tools-common:4.1.4=aggregateCodeCoverageReportResults
org.apache.cxf:cxf-tools-validator:4.1.4=aggregateCodeCoverageReportResults
org.apache.httpcomponents.client5:httpclient5:5.5.1=aggregateCodeCoverageReportResults
org.apache.httpcomponents.core5:httpcore5-h2:5.3.6=aggregateCodeCoverageReportResults
org.apache.httpcomponents.core5:httpcore5:5.3.6=aggregateCodeCoverageReportResults
org.apache.httpcomponents:httpasyncclient:4.1.5=aggregateCodeCoverageReportResults
org.apache.httpcomponents:httpclient:4.5.14=aggregateCodeCoverageReportResults
org.apache.httpcomponents:httpcore-nio:4.4.16=aggregateCodeCoverageReportResults
org.apache.httpcomponents:httpcore:4.4.16=aggregateCodeCoverageReportResults
org.apache.james:apache-mime4j-core:0.8.7=aggregateCodeCoverageReportResults
org.apache.logging.log4j:log4j-api:2.24.3=aggregateCodeCoverageReportResults
org.apache.logging.log4j:log4j-to-slf4j:2.24.3=aggregateCodeCoverageReportResults
org.apache.santuario:xmlsec:4.0.4=aggregateCodeCoverageReportResults
org.apache.tika:tika-core:3.2.3=aggregateCodeCoverageReportResults
org.apache.tomcat.embed:tomcat-embed-core:10.1.46=aggregateCodeCoverageReportResults
org.apache.tomcat.embed:tomcat-embed-el:10.1.46=aggregateCodeCoverageReportResults
org.apache.tomcat.embed:tomcat-embed-websocket:10.1.46=aggregateCodeCoverageReportResults
org.apache.velocity.tools:velocity-tools-generic:3.1=aggregateCodeCoverageReportResults
org.apache.velocity:velocity-engine-core:2.4.1=aggregateCodeCoverageReportResults
org.apache.velocity:velocity-engine-scripting:2.3=aggregateCodeCoverageReportResults
org.apache.ws.xmlschema:xmlschema-core:2.3.2=aggregateCodeCoverageReportResults
org.apiguardian:apiguardian-api:1.1.2=aggregateCodeCoverageReportResults
org.aspectj:aspectjweaver:1.9.24=aggregateCodeCoverageReportResults
org.assertj:assertj-core:3.27.7=aggregateCodeCoverageReportResults
org.awaitility:awaitility:4.3.0=aggregateCodeCoverageReportResults
org.bitbucket.b_c:jose4j:0.9.6=aggregateCodeCoverageReportResults
org.bouncycastle:bcpkix-jdk18on:1.83=aggregateCodeCoverageReportResults
org.bouncycastle:bcprov-jdk18on:1.83=aggregateCodeCoverageReportResults
org.bouncycastle:bcutil-jdk18on:1.83=aggregateCodeCoverageReportResults
org.brotli:dec:0.1.2=aggregateCodeCoverageReportResults
org.checkerframework:checker-qual:3.49.5=aggregateCodeCoverageReportResults
org.codehaus.mojo:animal-sniffer-annotations:1.24=aggregateCodeCoverageReportResults
org.codehaus.woodstox:stax2-api:4.2.2=aggregateCodeCoverageReportResults
org.eclipse.angus:angus-activation:2.0.3=aggregateCodeCoverageReportResults
org.eclipse.angus:jakarta.mail:2.0.4=aggregateCodeCoverageReportResults
org.eclipse.jetty.ee10.websocket:jetty-ee10-websocket-jakarta-client:12.0.27=aggregateCodeCoverageReportResults
org.eclipse.jetty.ee10.websocket:jetty-ee10-websocket-jakarta-common:12.0.27=aggregateCodeCoverageReportResults
org.eclipse.jetty.ee10.websocket:jetty-ee10-websocket-jakarta-server:12.0.27=aggregateCodeCoverageReportResults
org.eclipse.jetty.ee10.websocket:jetty-ee10-websocket-jetty-server:12.0.27=aggregateCodeCoverageReportResults
org.eclipse.jetty.ee10.websocket:jetty-ee10-websocket-servlet:12.0.27=aggregateCodeCoverageReportResults
org.eclipse.jetty.ee10:jetty-ee10-annotations:12.0.27=aggregateCodeCoverageReportResults
org.eclipse.jetty.ee10:jetty-ee10-plus:12.0.27=aggregateCodeCoverageReportResults
org.eclipse.jetty.ee10:jetty-ee10-servlet:12.0.27=aggregateCodeCoverageReportResults
org.eclipse.jetty.ee10:jetty-ee10-servlets:12.0.27=aggregateCodeCoverageReportResults
org.eclipse.jetty.ee10:jetty-ee10-webapp:12.0.27=aggregateCodeCoverageReportResults
org.eclipse.jetty.websocket:jetty-websocket-core-client:12.0.27=aggregateCodeCoverageReportResults
org.eclipse.jetty.websocket:jetty-websocket-core-common:12.0.27=aggregateCodeCoverageReportResults
org.eclipse.jetty.websocket:jetty-websocket-core-server:12.0.27=aggregateCodeCoverageReportResults
org.eclipse.jetty.websocket:jetty-websocket-jetty-api:12.0.27=aggregateCodeCoverageReportResults
org.eclipse.jetty.websocket:jetty-websocket-jetty-common:12.0.27=aggregateCodeCoverageReportResults
org.eclipse.jetty:jetty-alpn-client:12.0.27=aggregateCodeCoverageReportResults
org.eclipse.jetty:jetty-client:12.0.27=aggregateCodeCoverageReportResults
org.eclipse.jetty:jetty-ee:12.0.27=aggregateCodeCoverageReportResults
org.eclipse.jetty:jetty-http:12.0.31=aggregateCodeCoverageReportResults
org.eclipse.jetty:jetty-io:12.0.31=aggregateCodeCoverageReportResults
org.eclipse.jetty:jetty-plus:12.0.27=aggregateCodeCoverageReportResults
org.eclipse.jetty:jetty-security:12.0.27=aggregateCodeCoverageReportResults
org.eclipse.jetty:jetty-server:12.0.31=aggregateCodeCoverageReportResults
org.eclipse.jetty:jetty-session:12.0.27=aggregateCodeCoverageReportResults
org.eclipse.jetty:jetty-util:12.0.31=aggregateCodeCoverageReportResults
org.eclipse.jetty:jetty-xml:12.0.31=aggregateCodeCoverageReportResults
org.freemarker:freemarker:2.3.34=aggregateCodeCoverageReportResults
org.glassfish.jaxb:codemodel:4.0.6=aggregateCodeCoverageReportResults
org.glassfish.jaxb:jaxb-core:4.0.6=aggregateCodeCoverageReportResults
org.glassfish.jaxb:jaxb-runtime:4.0.6=aggregateCodeCoverageReportResults
org.glassfish.jaxb:jaxb-xjc:4.0.6=aggregateCodeCoverageReportResults
org.glassfish.jaxb:txw2:4.0.6=aggregateCodeCoverageReportResults
org.glassfish.jaxb:xsom:4.0.6=aggregateCodeCoverageReportResults
org.hamcrest:hamcrest-core:3.0=aggregateCodeCoverageReportResults
org.hamcrest:hamcrest:3.0=aggregateCodeCoverageReportResults
org.hdrhistogram:HdrHistogram:2.2.2=aggregateCodeCoverageReportResults
org.hibernate.models:hibernate-models:1.0.1=aggregateCodeCoverageReportResults
org.hibernate.orm:hibernate-core:7.1.4.Final=aggregateCodeCoverageReportResults
org.hibernate.orm:hibernate-hikaricp:7.1.4.Final=aggregateCodeCoverageReportResults
org.hibernate.validator:hibernate-validator:8.0.3.Final=aggregateCodeCoverageReportResults
org.hibernate:hibernate-hikaricp:7.1.4.Final=aggregateCodeCoverageReportResults
org.jacoco:org.jacoco.agent:0.8.13=jacocoAgent,jacocoAnt
org.jacoco:org.jacoco.ant:0.8.13=jacocoAnt
org.jacoco:org.jacoco.core:0.8.13=aggregateCodeCoverageReportResults,jacocoAnt
org.jacoco:org.jacoco.report:0.8.13=aggregateCodeCoverageReportResults,jacocoAnt
org.javassist:javassist:3.27.0-GA=aggregateCodeCoverageReportResults
org.jboss.forge.roaster:roaster-api:2.28.0.Final=aggregateCodeCoverageReportResults
org.jboss.forge.roaster:roaster-jdt:2.28.0.Final=aggregateCodeCoverageReportResults
org.jboss.logging:jboss-logging:3.6.1.Final=aggregateCodeCoverageReportResults
org.jctools:jctools-core:4.0.5=aggregateCodeCoverageReportResults
org.jetbrains.kotlin:kotlin-reflect:2.0.21=aggregateCodeCoverageReportResults
org.jetbrains.kotlin:kotlin-stdlib-common:2.0.21=aggregateCodeCoverageReportResults
org.jetbrains.kotlin:kotlin-stdlib-jdk7:1.9.25=aggregateCodeCoverageReportResults
org.jetbrains.kotlin:kotlin-stdlib-jdk8:1.9.25=aggregateCodeCoverageReportResults
org.jetbrains.kotlin:kotlin-stdlib:2.0.21=aggregateCodeCoverageReportResults
org.jetbrains:annotations:17.0.0=aggregateCodeCoverageReportResults
org.jspecify:jspecify:1.0.0=aggregateCodeCoverageReportResults
org.junit.jupiter:junit-jupiter-api:5.13.4=aggregateCodeCoverageReportResults
org.junit.jupiter:junit-jupiter-engine:5.13.4=aggregateCodeCoverageReportResults
org.junit.jupiter:junit-jupiter-params:5.13.4=aggregateCodeCoverageReportResults
org.junit.jupiter:junit-jupiter:5.13.4=aggregateCodeCoverageReportResults
org.junit.platform:junit-platform-commons:1.13.4=aggregateCodeCoverageReportResults
org.junit.platform:junit-platform-engine:1.13.4=aggregateCodeCoverageReportResults
org.junit.platform:junit-platform-launcher:1.13.4=aggregateCodeCoverageReportResults
org.junit.platform:junit-platform-suite-api:1.13.4=aggregateCodeCoverageReportResults
org.junit.platform:junit-platform-suite-commons:1.13.4=aggregateCodeCoverageReportResults
org.junit.platform:junit-platform-suite-engine:1.13.4=aggregateCodeCoverageReportResults
org.junit.platform:junit-platform-suite:1.13.4=aggregateCodeCoverageReportResults
org.junit:junit-bom:5.13.4=aggregateCodeCoverageReportResults
org.jvnet.staxex:stax-ex:2.1.0=aggregateCodeCoverageReportResults
org.kohsuke:libpam4j:1.11=aggregateCodeCoverageReportResults
org.latencyutils:LatencyUtils:2.0.3=aggregateCodeCoverageReportResults
org.mapstruct:mapstruct:1.6.3=aggregateCodeCoverageReportResults
org.mock-server:mockserver-client-java:5.15.0=aggregateCodeCoverageReportResults
org.mock-server:mockserver-core:5.15.0=aggregateCodeCoverageReportResults
org.mockito:mockito-core:5.21.0=aggregateCodeCoverageReportResults
org.mockito:mockito-junit-jupiter:5.21.0=aggregateCodeCoverageReportResults
org.mozilla:rhino:1.7.7.2=aggregateCodeCoverageReportResults
org.objenesis:objenesis:3.3=aggregateCodeCoverageReportResults
org.opentest4j:opentest4j:1.3.0=aggregateCodeCoverageReportResults
org.ow2.asm:asm-commons:9.8=aggregateCodeCoverageReportResults,jacocoAnt
org.ow2.asm:asm-tree:9.8=aggregateCodeCoverageReportResults,jacocoAnt
org.ow2.asm:asm:9.8=jacocoAnt
org.ow2.asm:asm:9.9=aggregateCodeCoverageReportResults
org.postgresql:postgresql:42.7.8=aggregateCodeCoverageReportResults
org.powermock:powermock-core:2.0.9=aggregateCodeCoverageReportResults
org.powermock:powermock-module-junit4-common:2.0.9=aggregateCodeCoverageReportResults
org.powermock:powermock-module-junit4:2.0.9=aggregateCodeCoverageReportResults
org.powermock:powermock-reflect:2.0.9=aggregateCodeCoverageReportResults
org.quartz-scheduler:quartz:2.5.2=aggregateCodeCoverageReportResults
org.rnorth.duct-tape:duct-tape:1.0.8=aggregateCodeCoverageReportResults
org.seleniumhq.selenium:selenium-api:4.39.0=aggregateCodeCoverageReportResults
org.seleniumhq.selenium:selenium-chrome-driver:4.39.0=aggregateCodeCoverageReportResults
org.seleniumhq.selenium:selenium-chromium-driver:4.39.0=aggregateCodeCoverageReportResults
org.seleniumhq.selenium:selenium-devtools-v141:4.39.0=aggregateCodeCoverageReportResults
org.seleniumhq.selenium:selenium-devtools-v142:4.39.0=aggregateCodeCoverageReportResults
org.seleniumhq.selenium:selenium-devtools-v143:4.39.0=aggregateCodeCoverageReportResults
org.seleniumhq.selenium:selenium-edge-driver:4.39.0=aggregateCodeCoverageReportResults
org.seleniumhq.selenium:selenium-firefox-driver:4.39.0=aggregateCodeCoverageReportResults
org.seleniumhq.selenium:selenium-http:4.39.0=aggregateCodeCoverageReportResults
org.seleniumhq.selenium:selenium-ie-driver:4.39.0=aggregateCodeCoverageReportResults
org.seleniumhq.selenium:selenium-java:4.39.0=aggregateCodeCoverageReportResults
org.seleniumhq.selenium:selenium-json:4.39.0=aggregateCodeCoverageReportResults
org.seleniumhq.selenium:selenium-manager:4.39.0=aggregateCodeCoverageReportResults
org.seleniumhq.selenium:selenium-os:4.39.0=aggregateCodeCoverageReportResults
org.seleniumhq.selenium:selenium-remote-driver:4.39.0=aggregateCodeCoverageReportResults
org.seleniumhq.selenium:selenium-safari-driver:4.39.0=aggregateCodeCoverageReportResults
org.seleniumhq.selenium:selenium-support:4.39.0=aggregateCodeCoverageReportResults
org.semver4j:semver4j:6.0.0=aggregateCodeCoverageReportResults
org.shredzone.acme4j:acme4j-client:3.5.1=aggregateCodeCoverageReportResults
org.skyscreamer:jsonassert:1.5.3=aggregateCodeCoverageReportResults
org.slf4j:jcl-over-slf4j:2.0.17=aggregateCodeCoverageReportResults
org.slf4j:jul-to-slf4j:2.0.17=aggregateCodeCoverageReportResults
org.slf4j:slf4j-api:2.0.17=aggregateCodeCoverageReportResults
org.springframework.boot:spring-boot-actuator-autoconfigure:3.5.6=aggregateCodeCoverageReportResults
org.springframework.boot:spring-boot-actuator:3.5.6=aggregateCodeCoverageReportResults
org.springframework.boot:spring-boot-autoconfigure:3.5.6=aggregateCodeCoverageReportResults
org.springframework.boot:spring-boot-dependencies:3.5.6=aggregateCodeCoverageReportResults
org.springframework.boot:spring-boot-starter-actuator:3.5.6=aggregateCodeCoverageReportResults
org.springframework.boot:spring-boot-starter-cache:3.5.6=aggregateCodeCoverageReportResults
org.springframework.boot:spring-boot-starter-data-jpa:3.5.6=aggregateCodeCoverageReportResults
org.springframework.boot:spring-boot-starter-jdbc:3.5.6=aggregateCodeCoverageReportResults
org.springframework.boot:spring-boot-starter-jetty:3.5.6=aggregateCodeCoverageReportResults
org.springframework.boot:spring-boot-starter-json:3.5.6=aggregateCodeCoverageReportResults
org.springframework.boot:spring-boot-starter-logging:3.5.6=aggregateCodeCoverageReportResults
org.springframework.boot:spring-boot-starter-mail:3.5.6=aggregateCodeCoverageReportResults
org.springframework.boot:spring-boot-starter-security:3.5.6=aggregateCodeCoverageReportResults
org.springframework.boot:spring-boot-starter-test:3.5.6=aggregateCodeCoverageReportResults
org.springframework.boot:spring-boot-starter-tomcat:3.5.6=aggregateCodeCoverageReportResults
org.springframework.boot:spring-boot-starter-validation:3.5.6=aggregateCodeCoverageReportResults
org.springframework.boot:spring-boot-starter-web:3.5.6=aggregateCodeCoverageReportResults
org.springframework.boot:spring-boot-starter:3.5.6=aggregateCodeCoverageReportResults
org.springframework.boot:spring-boot-test-autoconfigure:3.5.6=aggregateCodeCoverageReportResults
org.springframework.boot:spring-boot-test:3.5.6=aggregateCodeCoverageReportResults
org.springframework.boot:spring-boot:3.5.6=aggregateCodeCoverageReportResults
org.springframework.cloud:spring-cloud-commons:4.3.0=aggregateCodeCoverageReportResults
org.springframework.cloud:spring-cloud-context:4.3.0=aggregateCodeCoverageReportResults
org.springframework.cloud:spring-cloud-dependencies:2025.0.0=aggregateCodeCoverageReportResults
org.springframework.cloud:spring-cloud-openfeign-core:4.3.0=aggregateCodeCoverageReportResults
org.springframework.cloud:spring-cloud-starter-openfeign:4.3.0=aggregateCodeCoverageReportResults
org.springframework.cloud:spring-cloud-starter:4.3.0=aggregateCodeCoverageReportResults
org.springframework.data:spring-data-commons:3.5.4=aggregateCodeCoverageReportResults
org.springframework.data:spring-data-jpa:3.5.4=aggregateCodeCoverageReportResults
org.springframework.security:spring-security-config:6.5.5=aggregateCodeCoverageReportResults
org.springframework.security:spring-security-core:6.5.5=aggregateCodeCoverageReportResults
org.springframework.security:spring-security-crypto:6.5.5=aggregateCodeCoverageReportResults
org.springframework.security:spring-security-web:6.5.5=aggregateCodeCoverageReportResults
org.springframework:spring-aop:6.2.11=aggregateCodeCoverageReportResults
org.springframework:spring-aspects:6.2.11=aggregateCodeCoverageReportResults
org.springframework:spring-beans:6.2.11=aggregateCodeCoverageReportResults
org.springframework:spring-context-support:6.2.11=aggregateCodeCoverageReportResults
org.springframework:spring-context:6.2.11=aggregateCodeCoverageReportResults
org.springframework:spring-core:6.2.11=aggregateCodeCoverageReportResults
org.springframework:spring-expression:6.2.11=aggregateCodeCoverageReportResults
org.springframework:spring-jcl:6.2.11=aggregateCodeCoverageReportResults
org.springframework:spring-jdbc:6.2.11=aggregateCodeCoverageReportResults
org.springframework:spring-orm:6.2.11=aggregateCodeCoverageReportResults
org.springframework:spring-test:6.2.11=aggregateCodeCoverageReportResults
org.springframework:spring-tx:6.2.11=aggregateCodeCoverageReportResults
org.springframework:spring-web:6.2.11=aggregateCodeCoverageReportResults
org.springframework:spring-webmvc:6.2.11=aggregateCodeCoverageReportResults
org.testcontainers:database-commons:1.21.3=aggregateCodeCoverageReportResults
org.testcontainers:jdbc:1.21.3=aggregateCodeCoverageReportResults
org.testcontainers:mockserver:1.21.3=aggregateCodeCoverageReportResults
org.testcontainers:postgresql:1.21.3=aggregateCodeCoverageReportResults
org.testcontainers:testcontainers:1.21.3=aggregateCodeCoverageReportResults
org.xmlunit:xmlunit-core:2.10.4=aggregateCodeCoverageReportResults
org.xmlunit:xmlunit-placeholders:2.10.4=aggregateCodeCoverageReportResults
org.yaml:snakeyaml:2.4=aggregateCodeCoverageReportResults
ru.qatools.commons:properties:2.0.RC5=aggregateCodeCoverageReportResults
wsdl4j:wsdl4j:1.6.3=aggregateCodeCoverageReportResults
xerces:xercesImpl:2.12.2=aggregateCodeCoverageReportResults
xml-apis:xml-apis:1.4.01=aggregateCodeCoverageReportResults
empty=annotationProcessor,compileClasspath,runtimeClasspath,testAnnotationProcessor,testCompileClasspath,testRuntimeClasspath
