# This is a Gradle generated file for dependency locking.
# Manual edits can break the build and are not advised.
# This file is expected to be part of source control.
com.fasterxml.jackson.core:jackson-annotations:2.19.1=compileClasspath,compileProtoPath,testCompileProtoPath
com.fasterxml.jackson.core:jackson-core:2.19.1=compileClasspath,compileProtoPath,testCompileProtoPath
com.fasterxml.jackson.core:jackson-databind:2.19.1=compileClasspath,compileProtoPath,testCompileProtoPath
com.fasterxml.jackson.datatype:jackson-datatype-jsr310:2.19.1=compileClasspath,compileProtoPath,testCompileProtoPath
com.fasterxml.jackson:jackson-bom:2.19.1=compileClasspath,compileProtoPath,testCompileProtoPath
com.fasterxml.woodstox:woodstox-core:7.1.0=compileProtoPath,testCompileProtoPath
com.google.android:annotations:4.1.1.4=compileProtoPath,testCompileProtoPath
com.google.api.grpc:proto-google-common-protos:2.59.2=compileClasspath,compileProtoPath,testCompileProtoPath
com.google.code.findbugs:jsr305:3.0.2=archUnitExtraLib,compileClasspath,compileProtoPath,testCompileProtoPath
com.google.code.gson:gson:2.11.0=compileProtoPath,testCompileProtoPath
com.google.errorprone:error_prone_annotations:2.18.0=archUnitExtraLib
com.google.errorprone:error_prone_annotations:2.36.0=compileClasspath,compileProtoPath,testCompileProtoPath
com.google.guava:failureaccess:1.0.1=archUnitExtraLib
com.google.guava:failureaccess:1.0.2=compileClasspath,compileProtoPath,testCompileProtoPath
com.google.guava:guava-parent:32.1.2-jre=archUnitExtraLib
com.google.guava:guava:32.1.2-jre=archUnitExtraLib
com.google.guava:guava:33.4.0-jre=compileClasspath,compileProtoPath,testCompileProtoPath
com.google.guava:listenablefuture:9999.0-empty-to-avoid-conflict-with-guava=archUnitExtraLib,compileClasspath,compileProtoPath,testCompileProtoPath
com.google.j2objc:j2objc-annotations:3.0.0=compileClasspath,compileProtoPath,testCompileProtoPath
com.google.protobuf:protobuf-java-util:4.31.1=compileClasspath,compileProtoPath,testCompileProtoPath
com.google.protobuf:protobuf-java:4.31.1=compileClasspath,compileProtoPath,testCompileProtoPath
com.google.protobuf:protoc:4.31.1=protobufToolsLocator_protoc
com.societegenerale.commons:arch-unit-build-plugin-core:4.0.0=archUnitExtraLib
com.tngtech.archunit:archunit:1.2.0=archUnitExtraLib
commons-codec:commons-codec:1.18.0=compileClasspath,compileProtoPath,testCompileProtoPath
commons-io:commons-io:2.13.0=archUnitExtraLib
commons-io:commons-io:2.19.0=compileClasspath,compileProtoPath,testCompileProtoPath
commons-logging:commons-logging:1.3.5=compileClasspath,compileProtoPath,testCompileProtoPath
io.grpc:grpc-api:1.75.0=compileClasspath,compileProtoPath,testCompileProtoPath
io.grpc:grpc-context:1.75.0=compileProtoPath,testCompileProtoPath
io.grpc:grpc-core:1.75.0=compileClasspath,compileProtoPath,testCompileProtoPath
io.grpc:grpc-netty-shaded:1.75.0=compileClasspath,compileProtoPath,testCompileProtoPath
io.grpc:grpc-protobuf-lite:1.75.0=compileProtoPath,testCompileProtoPath
io.grpc:grpc-protobuf:1.75.0=compileClasspath,compileProtoPath,testCompileProtoPath
io.grpc:grpc-stub:1.75.0=compileClasspath,compileProtoPath,testCompileProtoPath
io.grpc:grpc-util:1.75.0=compileProtoPath,testCompileProtoPath
io.grpc:protoc-gen-grpc-java:1.75.0=protobufToolsLocator_grpc
io.micrometer:micrometer-commons:1.14.11=archUnitExtraLib
io.micrometer:micrometer-observation:1.14.11=archUnitExtraLib
io.opentelemetry.instrumentation:opentelemetry-instrumentation-annotations:2.15.0=compileClasspath,compileProtoPath,testCompileProtoPath
io.opentelemetry:opentelemetry-api:1.49.0=compileClasspath,compileProtoPath,testCompileProtoPath
io.opentelemetry:opentelemetry-context:1.49.0=compileClasspath,compileProtoPath,testCompileProtoPath
io.perfmark:perfmark-api:0.27.0=compileProtoPath,testCompileProtoPath
jakarta.activation:jakarta.activation-api:2.1.3=compileClasspath,compileProtoPath,testCompileProtoPath
jakarta.annotation:jakarta.annotation-api:3.0.0=archUnitExtraLib,compileClasspath,compileProtoPath,testCompileProtoPath
jakarta.inject:jakarta.inject-api:2.0.1=compileClasspath,compileProtoPath,testCompileProtoPath
jakarta.servlet:jakarta.servlet-api:6.1.0=compileClasspath,compileProtoPath,testCompileProtoPath
jakarta.xml.bind:jakarta.xml.bind-api:4.0.2=compileClasspath,compileProtoPath,testCompileProtoPath
jakarta.xml.soap:jakarta.xml.soap-api:3.0.2=compileClasspath,compileProtoPath,testCompileProtoPath
javax.inject:javax.inject:1=archUnitExtraLib
junit:junit:4.13.2=archUnitExtraLib,testCompileProtoPath
net.bytebuddy:byte-buddy-agent:1.15.11=archUnitExtraLib
net.bytebuddy:byte-buddy-agent:1.17.5=testCompileProtoPath
net.bytebuddy:byte-buddy:1.15.11=archUnitExtraLib
net.bytebuddy:byte-buddy:1.17.5=testCompileProtoPath
org.apache.commons:commons-configuration2:2.12.0=compileClasspath,compileProtoPath,testCompileProtoPath
org.apache.commons:commons-lang3:3.17.0=archUnitExtraLib
org.apache.commons:commons-lang3:3.18.0=compileClasspath,compileProtoPath,testCompileProtoPath
org.apache.commons:commons-text:1.13.1=compileClasspath,compileProtoPath,testCompileProtoPath
org.apache.httpcomponents.client5:httpclient5:5.5=compileClasspath,compileProtoPath,testCompileProtoPath
org.apache.httpcomponents.core5:httpcore5-h2:5.3.4=compileClasspath,compileProtoPath,testCompileProtoPath
org.apache.httpcomponents.core5:httpcore5:5.3.4=compileClasspath,compileProtoPath,testCompileProtoPath
org.apache.santuario:xmlsec:4.0.4=compileClasspath,compileProtoPath,testCompileProtoPath
org.bouncycastle:bcpkix-jdk18on:1.81=compileClasspath,compileProtoPath,testCompileProtoPath
org.bouncycastle:bcprov-jdk18on:1.81=compileClasspath,compileProtoPath,testCompileProtoPath
org.bouncycastle:bcutil-jdk18on:1.81=compileClasspath,compileProtoPath,testCompileProtoPath
org.checkerframework:checker-qual:3.33.0=archUnitExtraLib
org.checkerframework:checker-qual:3.43.0=compileClasspath,compileProtoPath,testCompileProtoPath
org.codehaus.mojo:animal-sniffer-annotations:1.24=compileClasspath,compileProtoPath,testCompileProtoPath
org.codehaus.woodstox:stax2-api:4.2.2=compileProtoPath,testCompileProtoPath
org.hamcrest:hamcrest-core:1.3=testCompileProtoPath
org.hamcrest:hamcrest-core:2.2=archUnitExtraLib
org.hamcrest:hamcrest:2.2=archUnitExtraLib
org.javassist:javassist:3.27.0-GA=archUnitExtraLib
org.jboss.forge.roaster:roaster-api:2.28.0.Final=archUnitExtraLib
org.jboss.forge.roaster:roaster-jdt:2.28.0.Final=archUnitExtraLib
org.junit.jupiter:junit-jupiter-api:5.11.4=archUnitExtraLib,testCompileProtoPath
org.junit.jupiter:junit-jupiter-engine:5.11.4=archUnitExtraLib,testCompileProtoPath
org.junit.jupiter:junit-jupiter-params:5.11.4=archUnitExtraLib
org.junit.jupiter:junit-jupiter:5.11.4=archUnitExtraLib
org.junit.platform:junit-platform-commons:1.11.4=archUnitExtraLib,testCompileProtoPath
org.junit.platform:junit-platform-engine:1.11.4=archUnitExtraLib,testCompileProtoPath
org.junit.vintage:junit-vintage-engine:5.11.4=testCompileProtoPath
org.junit:junit-bom:5.11.4=archUnitExtraLib,testCompileProtoPath
org.mockito:mockito-core:5.18.0=mockitoAgent,testCompileProtoPath
org.mockito:mockito-junit-jupiter:5.18.0=testCompileProtoPath
org.objenesis:objenesis:3.0.1=archUnitExtraLib
org.objenesis:objenesis:3.3=testCompileProtoPath
org.opentest4j:opentest4j:1.3.0=archUnitExtraLib,testCompileProtoPath
org.powermock:powermock-core:2.0.9=archUnitExtraLib
org.powermock:powermock-module-junit4-common:2.0.9=archUnitExtraLib
org.powermock:powermock-module-junit4:2.0.9=archUnitExtraLib
org.powermock:powermock-reflect:2.0.9=archUnitExtraLib
org.projectlombok:lombok:1.18.38=annotationProcessor,compileClasspath,compileProtoPath,testCompileProtoPath
org.slf4j:jcl-over-slf4j:2.0.17=compileClasspath,compileProtoPath,testCompileProtoPath
org.slf4j:slf4j-api:2.0.17=archUnitExtraLib,compileClasspath,compileProtoPath,testCompileProtoPath
org.springframework.boot:spring-boot-dependencies:3.4.10=archUnitExtraLib
org.springframework:spring-aop:6.2.11=archUnitExtraLib
org.springframework:spring-beans:6.2.11=archUnitExtraLib
org.springframework:spring-context:6.2.11=archUnitExtraLib
org.springframework:spring-core:6.2.11=archUnitExtraLib
org.springframework:spring-expression:6.2.11=archUnitExtraLib
org.springframework:spring-jcl:6.2.11=archUnitExtraLib
empty=protobuf,testProtobuf
