# This is a Gradle generated file for dependency locking.
# Manual edits can break the build and are not advised.
# This file is expected to be part of source control.
ch.qos.logback:logback-classic:1.5.18=intTestCompileClasspath
ch.qos.logback:logback-core:1.5.18=intTestCompileClasspath
com.ethlo.time:itu:1.7.0=intTestCompileClasspath
com.fasterxml.jackson.core:jackson-annotations:2.19.0=intTestCompileClasspath
com.fasterxml.jackson.core:jackson-core:2.19.0=intTestCompileClasspath
com.fasterxml.jackson.core:jackson-databind:2.19.0=intTestCompileClasspath
com.fasterxml.jackson.dataformat:jackson-dataformat-yaml:2.19.0=intTestCompileClasspath
com.fasterxml.jackson.datatype:jackson-datatype-jdk8:2.19.0=intTestCompileClasspath
com.fasterxml.jackson.datatype:jackson-datatype-jsr310:2.19.0=intTestCompileClasspath
com.fasterxml.jackson.module:jackson-module-kotlin:2.19.0=intTestCompileClasspath
com.fasterxml.jackson.module:jackson-module-parameter-names:2.19.0=intTestCompileClasspath
com.fasterxml.jackson:jackson-bom:2.19.0=intTestCompileClasspath
com.fasterxml.uuid:java-uuid-generator:4.1.0=intTestCompileClasspath
com.github.cliftonlabs:json-simple:3.0.2=intTestCompileClasspath
com.github.docker-java:docker-java-api:3.4.2=intTestCompileClasspath
com.github.docker-java:docker-java-transport-zerodep:3.4.2=intTestCompileClasspath
com.github.docker-java:docker-java-transport:3.4.2=intTestCompileClasspath
com.github.java-json-tools:btf:1.3=intTestCompileClasspath
com.github.java-json-tools:jackson-coreutils-equivalence:1.0=intTestCompileClasspath
com.github.java-json-tools:jackson-coreutils:2.0=intTestCompileClasspath
com.github.java-json-tools:json-patch:1.13=intTestCompileClasspath
com.github.java-json-tools:json-schema-core:1.2.14=intTestCompileClasspath
com.github.java-json-tools:json-schema-validator:2.2.14=intTestCompileClasspath
com.github.java-json-tools:msg-simple:1.2=intTestCompileClasspath
com.github.java-json-tools:uri-template:0.10=intTestCompileClasspath
com.github.stefanbirkner:system-rules:1.19.0=intTestCompileClasspath
com.github.stephenc.jcip:jcip-annotations:1.0-1=intTestCompileClasspath
com.google.api.grpc:proto-google-common-protos:2.41.0=intTestCompileClasspath
com.google.code.findbugs:jsr305:3.0.2=archUnitExtraLib,checkstyle,intTestCompileClasspath
com.google.errorprone:error_prone_annotations:2.18.0=archUnitExtraLib
com.google.errorprone:error_prone_annotations:2.21.1=checkstyle
com.google.errorprone:error_prone_annotations:2.36.0=intTestCompileClasspath
com.google.guava:failureaccess:1.0.1=archUnitExtraLib,checkstyle
com.google.guava:failureaccess:1.0.2=intTestCompileClasspath
com.google.guava:guava-parent:32.1.2-jre=archUnitExtraLib
com.google.guava:guava:32.1.2-jre=archUnitExtraLib
com.google.guava:guava:32.1.3-jre=checkstyle
com.google.guava:guava:33.4.0-jre=intTestCompileClasspath
com.google.guava:listenablefuture:9999.0-empty-to-avoid-conflict-with-guava=archUnitExtraLib,checkstyle,intTestCompileClasspath
com.google.j2objc:j2objc-annotations:3.0.0=intTestCompileClasspath
com.google.protobuf:protobuf-java-util:4.29.0=intTestCompileClasspath
com.google.protobuf:protobuf-java:4.29.0=intTestCompileClasspath
com.googlecode.libphonenumber:libphonenumber:8.11.1=intTestCompileClasspath
com.jayway.jsonpath:json-path:2.9.0=intTestCompileClasspath
com.jcraft:jzlib:1.1.3=intTestCompileClasspath
com.lmax:disruptor:3.4.4=intTestCompileClasspath
com.networknt:json-schema-validator:1.0.76=intTestCompileClasspath
com.nimbusds:nimbus-jose-jwt:9.28=intTestCompileClasspath
com.nortal.test:test-automation-allure:0.2.21=intTestCompileClasspath
com.nortal.test:test-automation-assert:0.2.21=intTestCompileClasspath
com.nortal.test:test-automation-containers:0.2.21=intTestCompileClasspath
com.nortal.test:test-automation-core:0.2.21=intTestCompileClasspath
com.nortal.test:test-automation-feign:0.2.21=intTestCompileClasspath
com.puppycrawl.tools:checkstyle:10.12.6=checkstyle
com.samskivert:jmustache:1.16=intTestCompileClasspath
com.societegenerale.commons:arch-unit-build-plugin-core:4.0.0=archUnitExtraLib
com.squareup.okhttp3:okhttp:4.12.0=intTestCompileClasspath
com.squareup.okio:okio-jvm:3.6.0=intTestCompileClasspath
com.squareup.okio:okio:3.6.0=intTestCompileClasspath
com.sun.istack:istack-commons-runtime:4.1.2=intTestCompileClasspath
com.sun.mail:mailapi:1.6.2=intTestCompileClasspath
com.sun.xml.messaging.saaj:saaj-impl:3.0.4=intTestCompileClasspath
com.tngtech.archunit:archunit:1.2.0=archUnitExtraLib
com.vaadin.external.google:android-json:0.0.20131108.vaadin1=intTestCompileClasspath
com.zaxxer:HikariCP:5.1.0=intTestCompileClasspath
commons-beanutils:commons-beanutils:1.9.4=checkstyle,intTestCompileClasspath
commons-codec:commons-codec:1.15=checkstyle
commons-codec:commons-codec:1.17.1=intTestCompileClasspath
commons-collections:commons-collections:3.2.2=checkstyle,intTestCompileClasspath
commons-fileupload:commons-fileupload:1.5=intTestCompileClasspath
commons-io:commons-io:2.13.0=archUnitExtraLib
commons-io:commons-io:2.18.0=intTestCompileClasspath
commons-logging:commons-logging:1.3.2=intTestCompileClasspath
info.picocli:picocli:4.7.5=checkstyle
io.cucumber:ci-environment:10.0.1=intTestCompileClasspath
io.cucumber:cucumber-core:7.18.1=intTestCompileClasspath
io.cucumber:cucumber-expressions:17.1.0=intTestCompileClasspath
io.cucumber:cucumber-gherkin-messages:7.18.1=intTestCompileClasspath
io.cucumber:cucumber-gherkin:7.18.1=intTestCompileClasspath
io.cucumber:cucumber-java:7.18.1=intTestCompileClasspath
io.cucumber:cucumber-junit-platform-engine:7.18.1=intTestCompileClasspath
io.cucumber:cucumber-plugin:7.18.1=intTestCompileClasspath
io.cucumber:cucumber-spring:7.18.1=intTestCompileClasspath
io.cucumber:datatable:7.18.1=intTestCompileClasspath
io.cucumber:docstring:7.18.1=intTestCompileClasspath
io.cucumber:gherkin:28.0.0=intTestCompileClasspath
io.cucumber:html-formatter:21.4.1=intTestCompileClasspath
io.cucumber:junit-xml-formatter:0.5.0=intTestCompileClasspath
io.cucumber:messages:24.1.0=intTestCompileClasspath
io.cucumber:query:12.2.0=intTestCompileClasspath
io.cucumber:tag-expressions:6.1.0=intTestCompileClasspath
io.cucumber:testng-xml-formatter:0.2.0=intTestCompileClasspath
io.github.classgraph:classgraph:4.8.154=intTestCompileClasspath
io.github.openfeign:feign-core:13.6=intTestCompileClasspath
io.github.openfeign:feign-form-spring:13.5=intTestCompileClasspath
io.github.openfeign:feign-form:13.5=intTestCompileClasspath
io.github.openfeign:feign-hc5:13.5=intTestCompileClasspath
io.github.openfeign:feign-jackson:13.6=intTestCompileClasspath
io.github.openfeign:feign-okhttp:13.6=intTestCompileClasspath
io.github.openfeign:feign-slf4j:13.5=intTestCompileClasspath
io.grpc:grpc-api:1.68.2=intTestCompileClasspath
io.grpc:grpc-core:1.68.2=intTestCompileClasspath
io.grpc:grpc-netty-shaded:1.68.2=intTestCompileClasspath
io.grpc:grpc-protobuf:1.68.2=intTestCompileClasspath
io.grpc:grpc-stub:1.68.2=intTestCompileClasspath
io.micrometer:micrometer-commons:1.13.11=archUnitExtraLib
io.micrometer:micrometer-commons:1.14.7=intTestCompileClasspath
io.micrometer:micrometer-observation:1.13.11=archUnitExtraLib
io.micrometer:micrometer-observation:1.14.7=intTestCompileClasspath
io.netty:netty-buffer:4.1.118.Final=intTestCompileClasspath
io.netty:netty-codec-http2:4.1.118.Final=intTestCompileClasspath
io.netty:netty-codec-http:4.1.118.Final=intTestCompileClasspath
io.netty:netty-codec-socks:4.1.118.Final=intTestCompileClasspath
io.netty:netty-codec:4.1.118.Final=intTestCompileClasspath
io.netty:netty-common:4.1.118.Final=intTestCompileClasspath
io.netty:netty-handler-proxy:4.1.118.Final=intTestCompileClasspath
io.netty:netty-handler:4.1.118.Final=intTestCompileClasspath
io.netty:netty-resolver:4.1.118.Final=intTestCompileClasspath
io.netty:netty-tcnative-boringssl-static:2.0.70.Final=intTestCompileClasspath
io.netty:netty-tcnative-classes:2.0.70.Final=intTestCompileClasspath
io.netty:netty-transport-native-unix-common:4.1.118.Final=intTestCompileClasspath
io.netty:netty-transport:4.1.118.Final=intTestCompileClasspath
io.opentelemetry.instrumentation:opentelemetry-instrumentation-annotations:2.10.0=intTestCompileClasspath
io.opentelemetry:opentelemetry-api:1.44.1=intTestCompileClasspath
io.opentelemetry:opentelemetry-context:1.44.1=intTestCompileClasspath
io.prometheus:simpleclient:0.16.0=intTestCompileClasspath
io.prometheus:simpleclient_common:0.16.0=intTestCompileClasspath
io.prometheus:simpleclient_httpserver:0.16.0=intTestCompileClasspath
io.prometheus:simpleclient_tracer_common:0.16.0=intTestCompileClasspath
io.prometheus:simpleclient_tracer_otel:0.16.0=intTestCompileClasspath
io.prometheus:simpleclient_tracer_otel_agent:0.16.0=intTestCompileClasspath
io.swagger.core.v3:swagger-annotations:2.2.28=intTestCompileClasspath
io.swagger.core.v3:swagger-core:2.2.8=intTestCompileClasspath
io.swagger.core.v3:swagger-models:2.2.8=intTestCompileClasspath
io.swagger.parser.v3:swagger-parser-core:2.1.10=intTestCompileClasspath
io.swagger.parser.v3:swagger-parser-v2-converter:2.1.10=intTestCompileClasspath
io.swagger.parser.v3:swagger-parser-v3:2.1.10=intTestCompileClasspath
io.swagger.parser.v3:swagger-parser:2.1.10=intTestCompileClasspath
io.swagger:swagger-annotations:1.6.9=intTestCompileClasspath
io.swagger:swagger-compat-spec-parser:1.0.64=intTestCompileClasspath
io.swagger:swagger-core:1.6.9=intTestCompileClasspath
io.swagger:swagger-models:1.6.9=intTestCompileClasspath
io.swagger:swagger-parser:1.0.64=intTestCompileClasspath
jakarta.activation:jakarta.activation-api:2.1.3=intTestCompileClasspath
jakarta.annotation:jakarta.annotation-api:3.0.0=archUnitExtraLib,intTestCompileClasspath
jakarta.inject:jakarta.inject-api:2.0.1=intTestCompileClasspath
jakarta.servlet:jakarta.servlet-api:6.1.0=intTestCompileClasspath
jakarta.validation:jakarta.validation-api:3.1.0=intTestCompileClasspath
jakarta.xml.bind:jakarta.xml.bind-api:4.0.2=intTestCompileClasspath
jakarta.xml.soap:jakarta.xml.soap-api:3.0.2=intTestCompileClasspath
javax.inject:javax.inject:1=archUnitExtraLib
javax.servlet:javax.servlet-api:4.0.1=intTestCompileClasspath
joda-time:joda-time:2.10.5=intTestCompileClasspath
junit:junit-dep:4.11=intTestCompileClasspath
junit:junit:4.13.2=archUnitExtraLib,intTestCompileClasspath
net.bytebuddy:byte-buddy-agent:1.14.19=archUnitExtraLib
net.bytebuddy:byte-buddy-agent:1.15.11=intTestCompileClasspath
net.bytebuddy:byte-buddy:1.14.19=archUnitExtraLib
net.bytebuddy:byte-buddy:1.15.11=intTestCompileClasspath
net.java.dev.jna:jna:5.13.0=intTestCompileClasspath
net.javacrumbs.json-unit:json-unit-core:2.36.0=intTestCompileClasspath
net.minidev:accessors-smart:2.5.2=intTestCompileClasspath
net.minidev:json-smart:2.5.2=intTestCompileClasspath
net.sf.jopt-simple:jopt-simple:5.0.4=intTestCompileClasspath
net.sf.saxon:Saxon-HE:12.4=checkstyle
org.antlr:antlr4-runtime:4.13.1=checkstyle
org.apache.commons:commons-compress:1.24.0=intTestCompileClasspath
org.apache.commons:commons-configuration2:2.11.0=intTestCompileClasspath
org.apache.commons:commons-digester3:3.2=intTestCompileClasspath
org.apache.commons:commons-lang3:3.14.0=archUnitExtraLib
org.apache.commons:commons-lang3:3.17.0=intTestCompileClasspath
org.apache.commons:commons-lang3:3.8.1=checkstyle
org.apache.commons:commons-text:1.13.0=intTestCompileClasspath
org.apache.commons:commons-text:1.3=checkstyle
org.apache.httpcomponents.client5:httpclient5:5.1.3=checkstyle
org.apache.httpcomponents.client5:httpclient5:5.4.1=intTestCompileClasspath
org.apache.httpcomponents.core5:httpcore5-h2:5.1.3=checkstyle
org.apache.httpcomponents.core5:httpcore5-h2:5.3.1=intTestCompileClasspath
org.apache.httpcomponents.core5:httpcore5:5.1.3=checkstyle
org.apache.httpcomponents.core5:httpcore5:5.3.1=intTestCompileClasspath
org.apache.httpcomponents:httpasyncclient:4.1.5=intTestCompileClasspath
org.apache.httpcomponents:httpclient:4.5.13=checkstyle
org.apache.httpcomponents:httpclient:4.5.14=intTestCompileClasspath
org.apache.httpcomponents:httpcore-nio:4.4.16=intTestCompileClasspath
org.apache.httpcomponents:httpcore:4.4.14=checkstyle
org.apache.httpcomponents:httpcore:4.4.16=intTestCompileClasspath
org.apache.james:apache-mime4j-core:0.8.7=intTestCompileClasspath
org.apache.logging.log4j:log4j-api:2.24.3=intTestCompileClasspath
org.apache.logging.log4j:log4j-to-slf4j:2.24.3=intTestCompileClasspath
org.apache.maven.doxia:doxia-core:1.12.0=checkstyle
org.apache.maven.doxia:doxia-logging-api:1.12.0=checkstyle
org.apache.maven.doxia:doxia-module-xdoc:1.12.0=checkstyle
org.apache.maven.doxia:doxia-sink-api:1.12.0=checkstyle
org.apache.santuario:xmlsec:4.0.3=intTestCompileClasspath
org.apache.tomcat.embed:tomcat-embed-core:10.1.41=intTestCompileClasspath
org.apache.tomcat.embed:tomcat-embed-el:10.1.41=intTestCompileClasspath
org.apache.tomcat.embed:tomcat-embed-websocket:10.1.41=intTestCompileClasspath
org.apache.velocity.tools:velocity-tools-generic:3.1=intTestCompileClasspath
org.apache.velocity:velocity-engine-core:2.3=intTestCompileClasspath
org.apache.velocity:velocity-engine-scripting:2.3=intTestCompileClasspath
org.apache.xbean:xbean-reflect:3.7=checkstyle
org.apiguardian:apiguardian-api:1.1.2=intTestCompileClasspath
org.assertj:assertj-core:3.27.3=intTestCompileClasspath
org.awaitility:awaitility:4.2.2=intTestCompileClasspath
org.bouncycastle:bcpkix-jdk18on:1.80=intTestCompileClasspath
org.bouncycastle:bcprov-jdk18on:1.80=intTestCompileClasspath
org.bouncycastle:bcutil-jdk18on:1.80=intTestCompileClasspath
org.checkerframework:checker-qual:3.33.0=archUnitExtraLib
org.checkerframework:checker-qual:3.41.0=checkstyle
org.checkerframework:checker-qual:3.43.0=intTestCompileClasspath
org.codehaus.plexus:plexus-classworlds:2.6.0=checkstyle
org.codehaus.plexus:plexus-component-annotations:2.1.0=checkstyle
org.codehaus.plexus:plexus-container-default:2.1.0=checkstyle
org.codehaus.plexus:plexus-utils:3.3.0=checkstyle
org.eclipse.angus:jakarta.mail:2.0.3=intTestCompileClasspath
org.eclipse.jetty:jetty-http:12.0.16=intTestCompileClasspath
org.eclipse.jetty:jetty-io:12.0.16=intTestCompileClasspath
org.eclipse.jetty:jetty-server:12.0.16=intTestCompileClasspath
org.eclipse.jetty:jetty-util:12.0.16=intTestCompileClasspath
org.glassfish.jaxb:jaxb-core:4.0.5=intTestCompileClasspath
org.glassfish.jaxb:jaxb-runtime:4.0.5=intTestCompileClasspath
org.glassfish.jaxb:txw2:4.0.5=intTestCompileClasspath
org.hamcrest:hamcrest-core:2.2=archUnitExtraLib,intTestCompileClasspath
org.hamcrest:hamcrest:2.2=archUnitExtraLib,intTestCompileClasspath
org.javassist:javassist:3.27.0-GA=archUnitExtraLib
org.javassist:javassist:3.28.0-GA=checkstyle
org.jboss.forge.roaster:roaster-api:2.28.0.Final=archUnitExtraLib
org.jboss.forge.roaster:roaster-jdt:2.28.0.Final=archUnitExtraLib
org.jetbrains.kotlin:kotlin-reflect:1.9.25=intTestCompileClasspath
org.jetbrains.kotlin:kotlin-stdlib-common:1.9.25=intTestCompileClasspath
org.jetbrains.kotlin:kotlin-stdlib-jdk7:1.9.25=intTestCompileClasspath
org.jetbrains.kotlin:kotlin-stdlib-jdk8:1.9.25=intTestCompileClasspath
org.jetbrains.kotlin:kotlin-stdlib:1.9.25=intTestCompileClasspath
org.jetbrains:annotations:17.0.0=intTestCompileClasspath
org.junit.jupiter:junit-jupiter-api:5.10.5=archUnitExtraLib
org.junit.jupiter:junit-jupiter-api:5.11.4=intTestCompileClasspath
org.junit.jupiter:junit-jupiter-engine:5.10.5=archUnitExtraLib
org.junit.jupiter:junit-jupiter-params:5.10.5=archUnitExtraLib
org.junit.jupiter:junit-jupiter-params:5.11.4=intTestCompileClasspath
org.junit.jupiter:junit-jupiter:5.10.5=archUnitExtraLib
org.junit.jupiter:junit-jupiter:5.11.4=intTestCompileClasspath
org.junit.platform:junit-platform-commons:1.10.5=archUnitExtraLib
org.junit.platform:junit-platform-commons:1.11.4=intTestCompileClasspath
org.junit.platform:junit-platform-engine:1.10.5=archUnitExtraLib
org.junit.platform:junit-platform-engine:1.11.4=intTestCompileClasspath
org.junit.platform:junit-platform-suite-api:1.11.4=intTestCompileClasspath
org.junit.platform:junit-platform-suite:1.11.4=intTestCompileClasspath
org.junit:junit-bom:5.10.5=archUnitExtraLib
org.junit:junit-bom:5.11.4=intTestCompileClasspath
org.jvnet.staxex:stax-ex:2.1.0=intTestCompileClasspath
org.mock-server:mockserver-client-java:5.15.0=intTestCompileClasspath
org.mock-server:mockserver-core:5.15.0=intTestCompileClasspath
org.mockito:mockito-core:5.15.2=intTestCompileClasspath
org.mockito:mockito-junit-jupiter:5.15.2=intTestCompileClasspath
org.mozilla:rhino:1.7.7.2=intTestCompileClasspath
org.objenesis:objenesis:3.0.1=archUnitExtraLib
org.opentest4j:opentest4j:1.3.0=archUnitExtraLib,intTestCompileClasspath
org.ow2.asm:asm:9.7.1=intTestCompileClasspath
org.powermock:powermock-core:2.0.9=archUnitExtraLib
org.powermock:powermock-module-junit4-common:2.0.9=archUnitExtraLib
org.powermock:powermock-module-junit4:2.0.9=archUnitExtraLib
org.powermock:powermock-reflect:2.0.9=archUnitExtraLib
org.projectlombok:lombok:1.18.36=intTestAnnotationProcessor,intTestCompileClasspath
org.reflections:reflections:0.10.2=checkstyle
org.rnorth.duct-tape:duct-tape:1.0.8=intTestCompileClasspath
org.skyscreamer:jsonassert:1.5.3=intTestCompileClasspath
org.slf4j:jcl-over-slf4j:2.0.16=intTestCompileClasspath
org.slf4j:jul-to-slf4j:2.0.17=intTestCompileClasspath
org.slf4j:slf4j-api:2.0.16=archUnitExtraLib
org.slf4j:slf4j-api:2.0.17=intTestCompileClasspath
org.springframework.boot:spring-boot-autoconfigure:3.4.6=intTestCompileClasspath
org.springframework.boot:spring-boot-dependencies:3.3.9=archUnitExtraLib,intTestCompileClasspath
org.springframework.boot:spring-boot-starter-jdbc:3.4.6=intTestCompileClasspath
org.springframework.boot:spring-boot-starter-json:3.4.6=intTestCompileClasspath
org.springframework.boot:spring-boot-starter-logging:3.4.6=intTestCompileClasspath
org.springframework.boot:spring-boot-starter-mail:3.4.6=intTestCompileClasspath
org.springframework.boot:spring-boot-starter-test:3.4.6=intTestCompileClasspath
org.springframework.boot:spring-boot-starter-tomcat:3.4.6=intTestCompileClasspath
org.springframework.boot:spring-boot-starter-web:3.4.6=intTestCompileClasspath
org.springframework.boot:spring-boot-starter:3.4.6=intTestCompileClasspath
org.springframework.boot:spring-boot-test-autoconfigure:3.4.6=intTestCompileClasspath
org.springframework.boot:spring-boot-test:3.4.6=intTestCompileClasspath
org.springframework.boot:spring-boot:3.4.6=intTestCompileClasspath
org.springframework.cloud:spring-cloud-commons:4.2.0=intTestCompileClasspath
org.springframework.cloud:spring-cloud-context:4.2.0=intTestCompileClasspath
org.springframework.cloud:spring-cloud-openfeign-core:4.2.0=intTestCompileClasspath
org.springframework.cloud:spring-cloud-starter-openfeign:4.2.0=intTestCompileClasspath
org.springframework.cloud:spring-cloud-starter:4.2.0=intTestCompileClasspath
org.springframework.security:spring-security-crypto:6.4.1=intTestCompileClasspath
org.springframework:spring-aop:6.1.17=archUnitExtraLib
org.springframework:spring-aop:6.2.7=intTestCompileClasspath
org.springframework:spring-beans:6.1.17=archUnitExtraLib
org.springframework:spring-beans:6.2.7=intTestCompileClasspath
org.springframework:spring-context-support:6.2.7=intTestCompileClasspath
org.springframework:spring-context:6.1.17=archUnitExtraLib
org.springframework:spring-context:6.2.7=intTestCompileClasspath
org.springframework:spring-core:6.1.17=archUnitExtraLib
org.springframework:spring-core:6.2.7=intTestCompileClasspath
org.springframework:spring-expression:6.1.17=archUnitExtraLib
org.springframework:spring-expression:6.2.7=intTestCompileClasspath
org.springframework:spring-jcl:6.1.17=archUnitExtraLib
org.springframework:spring-jcl:6.2.7=intTestCompileClasspath
org.springframework:spring-jdbc:6.2.7=intTestCompileClasspath
org.springframework:spring-test:6.2.7=intTestCompileClasspath
org.springframework:spring-tx:6.2.7=intTestCompileClasspath
org.springframework:spring-web:6.2.7=intTestCompileClasspath
org.springframework:spring-webmvc:6.2.7=intTestCompileClasspath
org.testcontainers:database-commons:1.21.1=intTestCompileClasspath
org.testcontainers:jdbc:1.21.1=intTestCompileClasspath
org.testcontainers:mockserver:1.21.1=intTestCompileClasspath
org.testcontainers:postgresql:1.21.1=intTestCompileClasspath
org.testcontainers:testcontainers:1.21.1=intTestCompileClasspath
org.xmlresolver:xmlresolver:5.2.2=checkstyle
org.xmlunit:xmlunit-core:2.10.1=intTestCompileClasspath
org.xmlunit:xmlunit-placeholders:2.9.1=intTestCompileClasspath
org.yaml:snakeyaml:2.4=intTestCompileClasspath
empty=
